// !$*UTF8*$!
{
	archiveVersion = 1;
	classes = {
	};
	objectVersion = 48;
	objects = {

/* Begin PBXBuildFile section */
		B917D32420B0DB9700728EE0 /* Foundation.framework in Frameworks */ = {isa = PBXBuildFile; fileRef = B917D32320B0DB9700728EE0 /* Foundation.framework */; };
		B94B07402401847C00B244E8 /* FTPServer.swift in Sources */ = {isa = PBXBuildFile; fileRef = B94B073C2401847C00B244E8 /* FTPServer.swift */; };
		B94B07412401847C00B244E8 /* HTTPServer.swift in Sources */ = {isa = PBXBuildFile; fileRef = B94B073D2401847C00B244E8 /* HTTPServer.swift */; };
		B94B07422401847C00B244E8 /* Imports.swift in Sources */ = {isa = PBXBuildFile; fileRef = B94B073E2401847C00B244E8 /* Imports.swift */; };
		B94B07432401847C00B244E8 /* FixtureValues.swift in Sources */ = {isa = PBXBuildFile; fileRef = B94B073F2401847C00B244E8 /* FixtureValues.swift */; };
		B94B07A62401849A00B244E8 /* TestUnitConverter.swift in Sources */ = {isa = PBXBuildFile; fileRef = B94B07442401849300B244E8 /* TestUnitConverter.swift */; };
		B94B07A72401849A00B244E8 /* TestRunLoop.swift in Sources */ = {isa = PBXBuildFile; fileRef = B94B07452401849300B244E8 /* TestRunLoop.swift */; };
		B94B07A82401849A00B244E8 /* TestDateInterval.swift in Sources */ = {isa = PBXBuildFile; fileRef = B94B07462401849300B244E8 /* TestDateInterval.swift */; };
		B94B07A92401849A00B244E8 /* TestBundle.swift in Sources */ = {isa = PBXBuildFile; fileRef = B94B07472401849300B244E8 /* TestBundle.swift */; };
		B94B07AA2401849A00B244E8 /* TestURLRequest.swift in Sources */ = {isa = PBXBuildFile; fileRef = B94B07482401849300B244E8 /* TestURLRequest.swift */; };
		B94B07AB2401849A00B244E8 /* TestProcess.swift in Sources */ = {isa = PBXBuildFile; fileRef = B94B07492401849300B244E8 /* TestProcess.swift */; };
		B94B07AC2401849A00B244E8 /* TestIndexSet.swift in Sources */ = {isa = PBXBuildFile; fileRef = B94B074A2401849300B244E8 /* TestIndexSet.swift */; };
		B94B07AD2401849A00B244E8 /* TestDateComponents.swift in Sources */ = {isa = PBXBuildFile; fileRef = B94B074B2401849300B244E8 /* TestDateComponents.swift */; };
		B94B07AE2401849A00B244E8 /* TestNotification.swift in Sources */ = {isa = PBXBuildFile; fileRef = B94B074C2401849300B244E8 /* TestNotification.swift */; };
		B94B07AF2401849A00B244E8 /* TestFileHandle.swift in Sources */ = {isa = PBXBuildFile; fileRef = B94B074D2401849300B244E8 /* TestFileHandle.swift */; };
		B94B07B02401849A00B244E8 /* TestTimer.swift in Sources */ = {isa = PBXBuildFile; fileRef = B94B074E2401849400B244E8 /* TestTimer.swift */; };
		B94B07B12401849A00B244E8 /* TestURLCredentialStorage.swift in Sources */ = {isa = PBXBuildFile; fileRef = B94B074F2401849400B244E8 /* TestURLCredentialStorage.swift */; };
		B94B07B22401849A00B244E8 /* TestPipe.swift in Sources */ = {isa = PBXBuildFile; fileRef = B94B07502401849400B244E8 /* TestPipe.swift */; };
		B94B07B32401849A00B244E8 /* TestFileManager.swift in Sources */ = {isa = PBXBuildFile; fileRef = B94B07512401849400B244E8 /* TestFileManager.swift */; };
		B94B07B42401849A00B244E8 /* TestNSGeometry.swift in Sources */ = {isa = PBXBuildFile; fileRef = B94B07522401849400B244E8 /* TestNSGeometry.swift */; };
		B94B07B52401849A00B244E8 /* TestProcessInfo.swift in Sources */ = {isa = PBXBuildFile; fileRef = B94B07532401849400B244E8 /* TestProcessInfo.swift */; };
		B94B07B62401849A00B244E8 /* TestHTTPURLResponse.swift in Sources */ = {isa = PBXBuildFile; fileRef = B94B07542401849400B244E8 /* TestHTTPURLResponse.swift */; };
		B94B07B72401849A00B244E8 /* TestNSCalendar.swift in Sources */ = {isa = PBXBuildFile; fileRef = B94B07552401849400B244E8 /* TestNSCalendar.swift */; };
		B94B07B82401849A00B244E8 /* TestLengthFormatter.swift in Sources */ = {isa = PBXBuildFile; fileRef = B94B07562401849400B244E8 /* TestLengthFormatter.swift */; };
		B94B07B92401849A00B244E8 /* TestURLCache.swift in Sources */ = {isa = PBXBuildFile; fileRef = B94B07572401849400B244E8 /* TestURLCache.swift */; };
		B94B07BA2401849A00B244E8 /* TestNSValue.swift in Sources */ = {isa = PBXBuildFile; fileRef = B94B07582401849400B244E8 /* TestNSValue.swift */; };
		B94B07BB2401849A00B244E8 /* TestCodable.swift in Sources */ = {isa = PBXBuildFile; fileRef = B94B07592401849400B244E8 /* TestCodable.swift */; };
		B94B07BC2401849A00B244E8 /* TestURLComponents.swift in Sources */ = {isa = PBXBuildFile; fileRef = B94B075A2401849400B244E8 /* TestURLComponents.swift */; };
		B94B07BD2401849A00B244E8 /* TestMassFormatter.swift in Sources */ = {isa = PBXBuildFile; fileRef = B94B075B2401849400B244E8 /* TestMassFormatter.swift */; };
		B94B07BE2401849A00B244E8 /* TestNSSortDescriptor.swift in Sources */ = {isa = PBXBuildFile; fileRef = B94B075C2401849400B244E8 /* TestNSSortDescriptor.swift */; };
		B94B07BF2401849A00B244E8 /* TestJSONSerialization.swift in Sources */ = {isa = PBXBuildFile; fileRef = B94B075D2401849400B244E8 /* TestJSONSerialization.swift */; };
		B94B07C02401849A00B244E8 /* TestMeasurement.swift in Sources */ = {isa = PBXBuildFile; fileRef = B94B075E2401849500B244E8 /* TestMeasurement.swift */; };
		B94B07C12401849A00B244E8 /* TestURLProtectionSpace.swift in Sources */ = {isa = PBXBuildFile; fileRef = B94B075F2401849500B244E8 /* TestURLProtectionSpace.swift */; };
		B94B07C22401849A00B244E8 /* TestProgressFraction.swift in Sources */ = {isa = PBXBuildFile; fileRef = B94B07602401849500B244E8 /* TestProgressFraction.swift */; };
		B94B07C32401849A00B244E8 /* TestPropertyListSerialization.swift in Sources */ = {isa = PBXBuildFile; fileRef = B94B07612401849500B244E8 /* TestPropertyListSerialization.swift */; };
		B94B07C42401849A00B244E8 /* Utilities.swift in Sources */ = {isa = PBXBuildFile; fileRef = B94B07622401849500B244E8 /* Utilities.swift */; };
		B94B07C52401849A00B244E8 /* TestNotificationQueue.swift in Sources */ = {isa = PBXBuildFile; fileRef = B94B07632401849500B244E8 /* TestNotificationQueue.swift */; };
		B94B07C62401849A00B244E8 /* TestNSDateComponents.swift in Sources */ = {isa = PBXBuildFile; fileRef = B94B07642401849500B244E8 /* TestNSDateComponents.swift */; };
		B94B07C72401849A00B244E8 /* TestNSError.swift in Sources */ = {isa = PBXBuildFile; fileRef = B94B07652401849500B244E8 /* TestNSError.swift */; };
		B94B07C82401849B00B244E8 /* TestNSKeyedUnarchiver.swift in Sources */ = {isa = PBXBuildFile; fileRef = B94B07662401849500B244E8 /* TestNSKeyedUnarchiver.swift */; };
		B94B07C92401849B00B244E8 /* TestIndexPath.swift in Sources */ = {isa = PBXBuildFile; fileRef = B94B07672401849500B244E8 /* TestIndexPath.swift */; };
		B94B07CA2401849B00B244E8 /* TestHTTPCookieStorage.swift in Sources */ = {isa = PBXBuildFile; fileRef = B94B07682401849500B244E8 /* TestHTTPCookieStorage.swift */; };
		B94B07CB2401849B00B244E8 /* TestNSOrderedSet.swift in Sources */ = {isa = PBXBuildFile; fileRef = B94B07692401849500B244E8 /* TestNSOrderedSet.swift */; };
		B94B07CC2401849B00B244E8 /* TestNSNumber.swift in Sources */ = {isa = PBXBuildFile; fileRef = B94B076A2401849500B244E8 /* TestNSNumber.swift */; };
		B94B07CD2401849B00B244E8 /* TestNotificationCenter.swift in Sources */ = {isa = PBXBuildFile; fileRef = B94B076B2401849600B244E8 /* TestNotificationCenter.swift */; };
		B94B07CE2401849B00B244E8 /* TestNSAttributedString.swift in Sources */ = {isa = PBXBuildFile; fileRef = B94B076C2401849600B244E8 /* TestNSAttributedString.swift */; };
		B94B07CF2401849B00B244E8 /* TestURLProtocol.swift in Sources */ = {isa = PBXBuildFile; fileRef = B94B076D2401849600B244E8 /* TestURLProtocol.swift */; };
		B94B07D02401849B00B244E8 /* TestScanner.swift in Sources */ = {isa = PBXBuildFile; fileRef = B94B076E2401849600B244E8 /* TestScanner.swift */; };
		B94B07D12401849B00B244E8 /* TestXMLParser.swift in Sources */ = {isa = PBXBuildFile; fileRef = B94B076F2401849600B244E8 /* TestXMLParser.swift */; };
		B94B07D22401849B00B244E8 /* TestNSUUID.swift in Sources */ = {isa = PBXBuildFile; fileRef = B94B07702401849600B244E8 /* TestNSUUID.swift */; };
		B94B07D32401849B00B244E8 /* TestThread.swift in Sources */ = {isa = PBXBuildFile; fileRef = B94B07712401849600B244E8 /* TestThread.swift */; };
		B94B07D42401849B00B244E8 /* TestNSLocale.swift in Sources */ = {isa = PBXBuildFile; fileRef = B94B07722401849600B244E8 /* TestNSLocale.swift */; };
		B94B07D52401849B00B244E8 /* TestNSString.swift in Sources */ = {isa = PBXBuildFile; fileRef = B94B07732401849600B244E8 /* TestNSString.swift */; };
		B94B07D62401849B00B244E8 /* TestUserDefaults.swift in Sources */ = {isa = PBXBuildFile; fileRef = B94B07742401849600B244E8 /* TestUserDefaults.swift */; };
		B94B07D72401849B00B244E8 /* TestNSTextCheckingResult.swift in Sources */ = {isa = PBXBuildFile; fileRef = B94B07752401849600B244E8 /* TestNSTextCheckingResult.swift */; };
		B94B07D82401849B00B244E8 /* TestNSNumberBridging.swift in Sources */ = {isa = PBXBuildFile; fileRef = B94B07762401849600B244E8 /* TestNSNumberBridging.swift */; };
		B94B07D92401849B00B244E8 /* TestOperationQueue.swift in Sources */ = {isa = PBXBuildFile; fileRef = B94B07772401849600B244E8 /* TestOperationQueue.swift */; };
		B94B07DA2401849B00B244E8 /* TestJSONEncoder.swift in Sources */ = {isa = PBXBuildFile; fileRef = B94B07782401849700B244E8 /* TestJSONEncoder.swift */; };
		B94B07DB2401849B00B244E8 /* TestNSKeyedArchiver.swift in Sources */ = {isa = PBXBuildFile; fileRef = B94B07792401849700B244E8 /* TestNSKeyedArchiver.swift */; };
		B94B07DC2401849B00B244E8 /* TestUtils.swift in Sources */ = {isa = PBXBuildFile; fileRef = B94B077A2401849700B244E8 /* TestUtils.swift */; };
		B94B07DD2401849B00B244E8 /* TestUUID.swift in Sources */ = {isa = PBXBuildFile; fileRef = B94B077B2401849700B244E8 /* TestUUID.swift */; };
		B94B07DE2401849B00B244E8 /* TestXMLDocument.swift in Sources */ = {isa = PBXBuildFile; fileRef = B94B077C2401849700B244E8 /* TestXMLDocument.swift */; };
		B94B07DF2401849B00B244E8 /* TestNSCache.swift in Sources */ = {isa = PBXBuildFile; fileRef = B94B077D2401849700B244E8 /* TestNSCache.swift */; };
		B94B07E02401849B00B244E8 /* TestPersonNameComponents.swift in Sources */ = {isa = PBXBuildFile; fileRef = B94B077E2401849700B244E8 /* TestPersonNameComponents.swift */; };
		B94B07E12401849B00B244E8 /* TestDate.swift in Sources */ = {isa = PBXBuildFile; fileRef = B94B077F2401849700B244E8 /* TestDate.swift */; };
		B94B07E22401849B00B244E8 /* TestPropertyListEncoder.swift in Sources */ = {isa = PBXBuildFile; fileRef = B94B07802401849700B244E8 /* TestPropertyListEncoder.swift */; };
		B94B07E32401849B00B244E8 /* TestHTTPCookie.swift in Sources */ = {isa = PBXBuildFile; fileRef = B94B07812401849700B244E8 /* TestHTTPCookie.swift */; };
		B94B07E42401849B00B244E8 /* TestAffineTransform.swift in Sources */ = {isa = PBXBuildFile; fileRef = B94B07822401849700B244E8 /* TestAffineTransform.swift */; };
		B94B07E52401849B00B244E8 /* TestNSNull.swift in Sources */ = {isa = PBXBuildFile; fileRef = B94B07832401849700B244E8 /* TestNSNull.swift */; };
		B94B07E62401849B00B244E8 /* TestUnit.swift in Sources */ = {isa = PBXBuildFile; fileRef = B94B07842401849700B244E8 /* TestUnit.swift */; };
		B94B07E72401849B00B244E8 /* TestISO8601DateFormatter.swift in Sources */ = {isa = PBXBuildFile; fileRef = B94B07852401849700B244E8 /* TestISO8601DateFormatter.swift */; };
		B94B07E82401849B00B244E8 /* TestNSDictionary.swift in Sources */ = {isa = PBXBuildFile; fileRef = B94B07862401849800B244E8 /* TestNSDictionary.swift */; };
		B94B07E92401849B00B244E8 /* TestNSRegularExpression.swift in Sources */ = {isa = PBXBuildFile; fileRef = B94B07872401849800B244E8 /* TestNSRegularExpression.swift */; };
		B94B07EA2401849B00B244E8 /* TestDateFormatter.swift in Sources */ = {isa = PBXBuildFile; fileRef = B94B07882401849800B244E8 /* TestDateFormatter.swift */; };
		B94B07EB2401849B00B244E8 /* TestURLResponse.swift in Sources */ = {isa = PBXBuildFile; fileRef = B94B07892401849800B244E8 /* TestURLResponse.swift */; };
		B94B07EC2401849B00B244E8 /* TestNSURLRequest.swift in Sources */ = {isa = PBXBuildFile; fileRef = B94B078A2401849800B244E8 /* TestNSURLRequest.swift */; };
		B94B07ED2401849B00B244E8 /* TestNSLock.swift in Sources */ = {isa = PBXBuildFile; fileRef = B94B078B2401849800B244E8 /* TestNSLock.swift */; };
		B94B07EE2401849B00B244E8 /* TestUnitVolume.swift in Sources */ = {isa = PBXBuildFile; fileRef = B94B078C2401849800B244E8 /* TestUnitVolume.swift */; };
		B94B07EF2401849B00B244E8 /* TestByteCountFormatter.swift in Sources */ = {isa = PBXBuildFile; fileRef = B94B078D2401849800B244E8 /* TestByteCountFormatter.swift */; };
		B94B07F02401849B00B244E8 /* TestURL.swift in Sources */ = {isa = PBXBuildFile; fileRef = B94B078E2401849800B244E8 /* TestURL.swift */; };
		B94B07F12401849B00B244E8 /* TestCachedURLResponse.swift in Sources */ = {isa = PBXBuildFile; fileRef = B94B078F2401849800B244E8 /* TestCachedURLResponse.swift */; };
		B94B07F22401849B00B244E8 /* TestDecimal.swift in Sources */ = {isa = PBXBuildFile; fileRef = B94B07902401849800B244E8 /* TestDecimal.swift */; };
		B94B07F32401849B00B244E8 /* TestStream.swift in Sources */ = {isa = PBXBuildFile; fileRef = B94B07912401849800B244E8 /* TestStream.swift */; };
		B94B07F42401849B00B244E8 /* TestNSData.swift in Sources */ = {isa = PBXBuildFile; fileRef = B94B07922401849800B244E8 /* TestNSData.swift */; };
		B94B07F52401849B00B244E8 /* TestNSRange.swift in Sources */ = {isa = PBXBuildFile; fileRef = B94B07932401849900B244E8 /* TestNSRange.swift */; };
		B94B07F62401849B00B244E8 /* TestObjCRuntime.swift in Sources */ = {isa = PBXBuildFile; fileRef = B94B07942401849900B244E8 /* TestObjCRuntime.swift */; };
		B94B07F72401849B00B244E8 /* TestSocketPort.swift in Sources */ = {isa = PBXBuildFile; fileRef = B94B07952401849900B244E8 /* TestSocketPort.swift */; };
		B94B07F82401849B00B244E8 /* TestHost.swift in Sources */ = {isa = PBXBuildFile; fileRef = B94B07962401849900B244E8 /* TestHost.swift */; };
		B94B07F92401849B00B244E8 /* TestNSSet.swift in Sources */ = {isa = PBXBuildFile; fileRef = B94B07972401849900B244E8 /* TestNSSet.swift */; };
		B94B07FA2401849B00B244E8 /* TestDimension.swift in Sources */ = {isa = PBXBuildFile; fileRef = B94B07982401849900B244E8 /* TestDimension.swift */; };
		B94B07FB2401849B00B244E8 /* TestEnergyFormatter.swift in Sources */ = {isa = PBXBuildFile; fileRef = B94B07992401849900B244E8 /* TestEnergyFormatter.swift */; };
		B94B07FC2401849B00B244E8 /* TestTimeZone.swift in Sources */ = {isa = PBXBuildFile; fileRef = B94B079A2401849900B244E8 /* TestTimeZone.swift */; };
		B94B07FD2401849B00B244E8 /* TestNSPredicate.swift in Sources */ = {isa = PBXBuildFile; fileRef = B94B079B2401849900B244E8 /* TestNSPredicate.swift */; };
		B94B07FE2401849B00B244E8 /* TestCharacterSet.swift in Sources */ = {isa = PBXBuildFile; fileRef = B94B079C2401849900B244E8 /* TestCharacterSet.swift */; };
		B94B07FF2401849B00B244E8 /* TestNSCompoundPredicate.swift in Sources */ = {isa = PBXBuildFile; fileRef = B94B079D2401849A00B244E8 /* TestNSCompoundPredicate.swift */; };
		B94B08002401849B00B244E8 /* TestCalendar.swift in Sources */ = {isa = PBXBuildFile; fileRef = B94B079E2401849A00B244E8 /* TestCalendar.swift */; };
		B94B08012401849B00B244E8 /* TestURLSessionFTP.swift in Sources */ = {isa = PBXBuildFile; fileRef = B94B079F2401849A00B244E8 /* TestURLSessionFTP.swift */; };
		B94B08022401849B00B244E8 /* TestNumberFormatter.swift in Sources */ = {isa = PBXBuildFile; fileRef = B94B07A02401849A00B244E8 /* TestNumberFormatter.swift */; };
		B94B08032401849B00B244E8 /* TestDateIntervalFormatter.swift in Sources */ = {isa = PBXBuildFile; fileRef = B94B07A12401849A00B244E8 /* TestDateIntervalFormatter.swift */; };
		B94B08042401849B00B244E8 /* TestNSArray.swift in Sources */ = {isa = PBXBuildFile; fileRef = B94B07A22401849A00B244E8 /* TestNSArray.swift */; };
		B94B08052401849B00B244E8 /* TestProgress.swift in Sources */ = {isa = PBXBuildFile; fileRef = B94B07A32401849A00B244E8 /* TestProgress.swift */; };
		B94B08062401849B00B244E8 /* TestURLCredential.swift in Sources */ = {isa = PBXBuildFile; fileRef = B94B07A42401849A00B244E8 /* TestURLCredential.swift */; };
		B94B08072401849B00B244E8 /* TestURLSession.swift in Sources */ = {isa = PBXBuildFile; fileRef = B94B07A52401849A00B244E8 /* TestURLSession.swift */; };
		B94B081E240184D000B244E8 /* NSKeyedUnarchiver-ComplexTest.plist in Resources */ = {isa = PBXBuildFile; fileRef = B94B0808240184CE00B244E8 /* NSKeyedUnarchiver-ComplexTest.plist */; };
		B94B081F240184D000B244E8 /* NSKeyedUnarchiver-OrderedSetTest.plist in Resources */ = {isa = PBXBuildFile; fileRef = B94B0809240184CF00B244E8 /* NSKeyedUnarchiver-OrderedSetTest.plist */; };
		B94B0820240184D000B244E8 /* NSString-UTF16-LE-data.txt in Resources */ = {isa = PBXBuildFile; fileRef = B94B080A240184CF00B244E8 /* NSString-UTF16-LE-data.txt */; };
		B94B0821240184D000B244E8 /* NSStringTestData.txt in Resources */ = {isa = PBXBuildFile; fileRef = B94B080B240184CF00B244E8 /* NSStringTestData.txt */; };
		B94B0822240184D000B244E8 /* NSURLTestData.plist in Resources */ = {isa = PBXBuildFile; fileRef = B94B080C240184CF00B244E8 /* NSURLTestData.plist */; };
		B94B0823240184D000B244E8 /* NSKeyedUnarchiver-URLTest.plist in Resources */ = {isa = PBXBuildFile; fileRef = B94B080D240184CF00B244E8 /* NSKeyedUnarchiver-URLTest.plist */; };
		B94B0824240184D000B244E8 /* Test.plist in Resources */ = {isa = PBXBuildFile; fileRef = B94B080E240184CF00B244E8 /* Test.plist */; };
		B94B0825240184D000B244E8 /* NSKeyedUnarchiver-ArrayTest.plist in Resources */ = {isa = PBXBuildFile; fileRef = B94B080F240184CF00B244E8 /* NSKeyedUnarchiver-ArrayTest.plist */; };
		B94B0826240184D000B244E8 /* NSKeyedUnarchiver-NotificationTest.plist in Resources */ = {isa = PBXBuildFile; fileRef = B94B0810240184CF00B244E8 /* NSKeyedUnarchiver-NotificationTest.plist */; };
		B94B0827240184D000B244E8 /* NSString-UTF32-LE-data.txt in Resources */ = {isa = PBXBuildFile; fileRef = B94B0811240184CF00B244E8 /* NSString-UTF32-LE-data.txt */; };
		B94B0828240184D000B244E8 /* TestFileWithZeros.txt in Resources */ = {isa = PBXBuildFile; fileRef = B94B0812240184CF00B244E8 /* TestFileWithZeros.txt */; };
		B94B0829240184D000B244E8 /* NSXMLDocumentTestData.xml in Resources */ = {isa = PBXBuildFile; fileRef = B94B0813240184CF00B244E8 /* NSXMLDocumentTestData.xml */; };
		B94B082A240184D000B244E8 /* NSXMLDTDTestData.xml in Resources */ = {isa = PBXBuildFile; fileRef = B94B0814240184CF00B244E8 /* NSXMLDTDTestData.xml */; };
		B94B082B240184D000B244E8 /* NSKeyedUnarchiver-EdgeInsetsTest.plist in Resources */ = {isa = PBXBuildFile; fileRef = B94B0815240184D000B244E8 /* NSKeyedUnarchiver-EdgeInsetsTest.plist */; };
		B94B082C240184D000B244E8 /* NSKeyedUnarchiver-UUIDTest.plist in Resources */ = {isa = PBXBuildFile; fileRef = B94B0816240184D000B244E8 /* NSKeyedUnarchiver-UUIDTest.plist */; };
		B94B082D240184D000B244E8 /* PropertyList-1.0.dtd in Resources */ = {isa = PBXBuildFile; fileRef = B94B0817240184D000B244E8 /* PropertyList-1.0.dtd */; };
		B94B082E240184D000B244E8 /* NSKeyedUnarchiver-RangeTest.plist in Resources */ = {isa = PBXBuildFile; fileRef = B94B0818240184D000B244E8 /* NSKeyedUnarchiver-RangeTest.plist */; };
		B94B082F240184D000B244E8 /* NSKeyedUnarchiver-RectTest.plist in Resources */ = {isa = PBXBuildFile; fileRef = B94B0819240184D000B244E8 /* NSKeyedUnarchiver-RectTest.plist */; };
		B94B0830240184D000B244E8 /* NSKeyedUnarchiver-ConcreteValueTest.plist in Resources */ = {isa = PBXBuildFile; fileRef = B94B081A240184D000B244E8 /* NSKeyedUnarchiver-ConcreteValueTest.plist */; };
		B94B0831240184D000B244E8 /* NSString-ISO-8859-1-data.txt in Resources */ = {isa = PBXBuildFile; fileRef = B94B081B240184D000B244E8 /* NSString-ISO-8859-1-data.txt */; };
		B94B0832240184D000B244E8 /* NSString-UTF16-BE-data.txt in Resources */ = {isa = PBXBuildFile; fileRef = B94B081C240184D000B244E8 /* NSString-UTF16-BE-data.txt */; };
		B94B0833240184D000B244E8 /* NSString-UTF32-BE-data.txt in Resources */ = {isa = PBXBuildFile; fileRef = B94B081D240184D000B244E8 /* NSString-UTF32-BE-data.txt */; };
		B94B08352401854E00B244E8 /* main.swift in Sources */ = {isa = PBXBuildFile; fileRef = B94B08342401854E00B244E8 /* main.swift */; };
		B94B0837240185FF00B244E8 /* DarwinShims.swift in Sources */ = {isa = PBXBuildFile; fileRef = B94B0836240185FF00B244E8 /* DarwinShims.swift */; };
		B9ED84FD23641F7000A58AF2 /* DarwinShims.swift in Sources */ = {isa = PBXBuildFile; fileRef = B9F3269E1FC714DD003C3599 /* DarwinShims.swift */; };
		B9F137A120B998D0000B7577 /* xdgTestHelper in CopyFiles */ = {isa = PBXBuildFile; fileRef = B917D31C20B0DB8B00728EE0 /* xdgTestHelper */; settings = {ATTRIBUTES = (CodeSignOnCopy, ); }; };
/* End PBXBuildFile section */

/* Begin PBXContainerItemProxy section */
		B9F1379E20B9984F000B7577 /* PBXContainerItemProxy */ = {
			isa = PBXContainerItemProxy;
			containerPortal = B9C89EB91F6BF47D00087AF4 /* Project object */;
			proxyType = 1;
			remoteGlobalIDString = B917D31B20B0DB8B00728EE0;
			remoteInfo = xdgTestHelper;
		};
/* End PBXContainerItemProxy section */

/* Begin PBXCopyFilesBuildPhase section */
		B917D31A20B0DB8B00728EE0 /* CopyFiles */ = {
			isa = PBXCopyFilesBuildPhase;
			buildActionMask = 2147483647;
			dstPath = /usr/share/man/man1/;
			dstSubfolderSpec = 0;
			files = (
			);
			runOnlyForDeploymentPostprocessing = 1;
		};
		B9F137A020B998C0000B7577 /* CopyFiles */ = {
			isa = PBXCopyFilesBuildPhase;
			buildActionMask = 2147483647;
			dstPath = "";
			dstSubfolderSpec = 6;
			files = (
				B9F137A120B998D0000B7577 /* xdgTestHelper in CopyFiles */,
			);
			runOnlyForDeploymentPostprocessing = 0;
		};
/* End PBXCopyFilesBuildPhase section */

/* Begin PBXFileReference section */
		B917D31C20B0DB8B00728EE0 /* xdgTestHelper */ = {isa = PBXFileReference; explicitFileType = "compiled.mach-o.executable"; includeInIndex = 0; path = xdgTestHelper; sourceTree = BUILT_PRODUCTS_DIR; };
		B917D32320B0DB9700728EE0 /* Foundation.framework */ = {isa = PBXFileReference; lastKnownFileType = wrapper.framework; name = Foundation.framework; path = System/Library/Frameworks/Foundation.framework; sourceTree = SDKROOT; };
		B94B073C2401847C00B244E8 /* FTPServer.swift */ = {isa = PBXFileReference; lastKnownFileType = sourcecode.swift; name = FTPServer.swift; path = Tests/Foundation/FTPServer.swift; sourceTree = "<group>"; };
		B94B073D2401847C00B244E8 /* HTTPServer.swift */ = {isa = PBXFileReference; lastKnownFileType = sourcecode.swift; name = HTTPServer.swift; path = Tests/Foundation/HTTPServer.swift; sourceTree = "<group>"; };
		B94B073E2401847C00B244E8 /* Imports.swift */ = {isa = PBXFileReference; lastKnownFileType = sourcecode.swift; name = Imports.swift; path = Tests/Foundation/Imports.swift; sourceTree = "<group>"; };
		B94B073F2401847C00B244E8 /* FixtureValues.swift */ = {isa = PBXFileReference; lastKnownFileType = sourcecode.swift; name = FixtureValues.swift; path = Tests/Foundation/FixtureValues.swift; sourceTree = "<group>"; };
		B94B07442401849300B244E8 /* TestUnitConverter.swift */ = {isa = PBXFileReference; lastKnownFileType = sourcecode.swift; name = TestUnitConverter.swift; path = Tests/Foundation/Tests/TestUnitConverter.swift; sourceTree = "<group>"; };
		B94B07452401849300B244E8 /* TestRunLoop.swift */ = {isa = PBXFileReference; lastKnownFileType = sourcecode.swift; name = TestRunLoop.swift; path = Tests/Foundation/Tests/TestRunLoop.swift; sourceTree = "<group>"; };
		B94B07462401849300B244E8 /* TestDateInterval.swift */ = {isa = PBXFileReference; lastKnownFileType = sourcecode.swift; name = TestDateInterval.swift; path = Tests/Foundation/Tests/TestDateInterval.swift; sourceTree = "<group>"; };
		B94B07472401849300B244E8 /* TestBundle.swift */ = {isa = PBXFileReference; lastKnownFileType = sourcecode.swift; name = TestBundle.swift; path = Tests/Foundation/Tests/TestBundle.swift; sourceTree = "<group>"; };
		B94B07482401849300B244E8 /* TestURLRequest.swift */ = {isa = PBXFileReference; lastKnownFileType = sourcecode.swift; name = TestURLRequest.swift; path = Tests/Foundation/Tests/TestURLRequest.swift; sourceTree = "<group>"; };
		B94B07492401849300B244E8 /* TestProcess.swift */ = {isa = PBXFileReference; lastKnownFileType = sourcecode.swift; name = TestProcess.swift; path = Tests/Foundation/Tests/TestProcess.swift; sourceTree = "<group>"; };
		B94B074A2401849300B244E8 /* TestIndexSet.swift */ = {isa = PBXFileReference; lastKnownFileType = sourcecode.swift; name = TestIndexSet.swift; path = Tests/Foundation/Tests/TestIndexSet.swift; sourceTree = "<group>"; };
		B94B074B2401849300B244E8 /* TestDateComponents.swift */ = {isa = PBXFileReference; lastKnownFileType = sourcecode.swift; name = TestDateComponents.swift; path = Tests/Foundation/Tests/TestDateComponents.swift; sourceTree = "<group>"; };
		B94B074C2401849300B244E8 /* TestNotification.swift */ = {isa = PBXFileReference; lastKnownFileType = sourcecode.swift; name = TestNotification.swift; path = Tests/Foundation/Tests/TestNotification.swift; sourceTree = "<group>"; };
		B94B074D2401849300B244E8 /* TestFileHandle.swift */ = {isa = PBXFileReference; lastKnownFileType = sourcecode.swift; name = TestFileHandle.swift; path = Tests/Foundation/Tests/TestFileHandle.swift; sourceTree = "<group>"; };
		B94B074E2401849400B244E8 /* TestTimer.swift */ = {isa = PBXFileReference; lastKnownFileType = sourcecode.swift; name = TestTimer.swift; path = Tests/Foundation/Tests/TestTimer.swift; sourceTree = "<group>"; };
		B94B074F2401849400B244E8 /* TestURLCredentialStorage.swift */ = {isa = PBXFileReference; lastKnownFileType = sourcecode.swift; name = TestURLCredentialStorage.swift; path = Tests/Foundation/Tests/TestURLCredentialStorage.swift; sourceTree = "<group>"; };
		B94B07502401849400B244E8 /* TestPipe.swift */ = {isa = PBXFileReference; lastKnownFileType = sourcecode.swift; name = TestPipe.swift; path = Tests/Foundation/Tests/TestPipe.swift; sourceTree = "<group>"; };
		B94B07512401849400B244E8 /* TestFileManager.swift */ = {isa = PBXFileReference; lastKnownFileType = sourcecode.swift; name = TestFileManager.swift; path = Tests/Foundation/Tests/TestFileManager.swift; sourceTree = "<group>"; };
		B94B07522401849400B244E8 /* TestNSGeometry.swift */ = {isa = PBXFileReference; lastKnownFileType = sourcecode.swift; name = TestNSGeometry.swift; path = Tests/Foundation/Tests/TestNSGeometry.swift; sourceTree = "<group>"; };
		B94B07532401849400B244E8 /* TestProcessInfo.swift */ = {isa = PBXFileReference; lastKnownFileType = sourcecode.swift; name = TestProcessInfo.swift; path = Tests/Foundation/Tests/TestProcessInfo.swift; sourceTree = "<group>"; };
		B94B07542401849400B244E8 /* TestHTTPURLResponse.swift */ = {isa = PBXFileReference; lastKnownFileType = sourcecode.swift; name = TestHTTPURLResponse.swift; path = Tests/Foundation/Tests/TestHTTPURLResponse.swift; sourceTree = "<group>"; };
		B94B07552401849400B244E8 /* TestNSCalendar.swift */ = {isa = PBXFileReference; lastKnownFileType = sourcecode.swift; name = TestNSCalendar.swift; path = Tests/Foundation/Tests/TestNSCalendar.swift; sourceTree = "<group>"; };
		B94B07562401849400B244E8 /* TestLengthFormatter.swift */ = {isa = PBXFileReference; lastKnownFileType = sourcecode.swift; name = TestLengthFormatter.swift; path = Tests/Foundation/Tests/TestLengthFormatter.swift; sourceTree = "<group>"; };
		B94B07572401849400B244E8 /* TestURLCache.swift */ = {isa = PBXFileReference; lastKnownFileType = sourcecode.swift; name = TestURLCache.swift; path = Tests/Foundation/Tests/TestURLCache.swift; sourceTree = "<group>"; };
		B94B07582401849400B244E8 /* TestNSValue.swift */ = {isa = PBXFileReference; lastKnownFileType = sourcecode.swift; name = TestNSValue.swift; path = Tests/Foundation/Tests/TestNSValue.swift; sourceTree = "<group>"; };
		B94B07592401849400B244E8 /* TestCodable.swift */ = {isa = PBXFileReference; lastKnownFileType = sourcecode.swift; name = TestCodable.swift; path = Tests/Foundation/Tests/TestCodable.swift; sourceTree = "<group>"; };
		B94B075A2401849400B244E8 /* TestURLComponents.swift */ = {isa = PBXFileReference; lastKnownFileType = sourcecode.swift; name = TestURLComponents.swift; path = Tests/Foundation/Tests/TestURLComponents.swift; sourceTree = "<group>"; };
		B94B075B2401849400B244E8 /* TestMassFormatter.swift */ = {isa = PBXFileReference; lastKnownFileType = sourcecode.swift; name = TestMassFormatter.swift; path = Tests/Foundation/Tests/TestMassFormatter.swift; sourceTree = "<group>"; };
		B94B075C2401849400B244E8 /* TestNSSortDescriptor.swift */ = {isa = PBXFileReference; lastKnownFileType = sourcecode.swift; name = TestNSSortDescriptor.swift; path = Tests/Foundation/Tests/TestNSSortDescriptor.swift; sourceTree = "<group>"; };
		B94B075D2401849400B244E8 /* TestJSONSerialization.swift */ = {isa = PBXFileReference; lastKnownFileType = sourcecode.swift; name = TestJSONSerialization.swift; path = Tests/Foundation/Tests/TestJSONSerialization.swift; sourceTree = "<group>"; };
		B94B075E2401849500B244E8 /* TestMeasurement.swift */ = {isa = PBXFileReference; lastKnownFileType = sourcecode.swift; name = TestMeasurement.swift; path = Tests/Foundation/Tests/TestMeasurement.swift; sourceTree = "<group>"; };
		B94B075F2401849500B244E8 /* TestURLProtectionSpace.swift */ = {isa = PBXFileReference; lastKnownFileType = sourcecode.swift; name = TestURLProtectionSpace.swift; path = Tests/Foundation/Tests/TestURLProtectionSpace.swift; sourceTree = "<group>"; };
		B94B07602401849500B244E8 /* TestProgressFraction.swift */ = {isa = PBXFileReference; lastKnownFileType = sourcecode.swift; name = TestProgressFraction.swift; path = Tests/Foundation/Tests/TestProgressFraction.swift; sourceTree = "<group>"; };
		B94B07612401849500B244E8 /* TestPropertyListSerialization.swift */ = {isa = PBXFileReference; lastKnownFileType = sourcecode.swift; name = TestPropertyListSerialization.swift; path = Tests/Foundation/Tests/TestPropertyListSerialization.swift; sourceTree = "<group>"; };
		B94B07622401849500B244E8 /* Utilities.swift */ = {isa = PBXFileReference; lastKnownFileType = sourcecode.swift; name = Utilities.swift; path = Tests/Foundation/Utilities.swift; sourceTree = "<group>"; };
		B94B07632401849500B244E8 /* TestNotificationQueue.swift */ = {isa = PBXFileReference; lastKnownFileType = sourcecode.swift; name = TestNotificationQueue.swift; path = Tests/Foundation/Tests/TestNotificationQueue.swift; sourceTree = "<group>"; };
		B94B07642401849500B244E8 /* TestNSDateComponents.swift */ = {isa = PBXFileReference; lastKnownFileType = sourcecode.swift; name = TestNSDateComponents.swift; path = Tests/Foundation/Tests/TestNSDateComponents.swift; sourceTree = "<group>"; };
		B94B07652401849500B244E8 /* TestNSError.swift */ = {isa = PBXFileReference; lastKnownFileType = sourcecode.swift; name = TestNSError.swift; path = Tests/Foundation/Tests/TestNSError.swift; sourceTree = "<group>"; };
		B94B07662401849500B244E8 /* TestNSKeyedUnarchiver.swift */ = {isa = PBXFileReference; lastKnownFileType = sourcecode.swift; name = TestNSKeyedUnarchiver.swift; path = Tests/Foundation/Tests/TestNSKeyedUnarchiver.swift; sourceTree = "<group>"; };
		B94B07672401849500B244E8 /* TestIndexPath.swift */ = {isa = PBXFileReference; lastKnownFileType = sourcecode.swift; name = TestIndexPath.swift; path = Tests/Foundation/Tests/TestIndexPath.swift; sourceTree = "<group>"; };
		B94B07682401849500B244E8 /* TestHTTPCookieStorage.swift */ = {isa = PBXFileReference; lastKnownFileType = sourcecode.swift; name = TestHTTPCookieStorage.swift; path = Tests/Foundation/Tests/TestHTTPCookieStorage.swift; sourceTree = "<group>"; };
		B94B07692401849500B244E8 /* TestNSOrderedSet.swift */ = {isa = PBXFileReference; lastKnownFileType = sourcecode.swift; name = TestNSOrderedSet.swift; path = Tests/Foundation/Tests/TestNSOrderedSet.swift; sourceTree = "<group>"; };
		B94B076A2401849500B244E8 /* TestNSNumber.swift */ = {isa = PBXFileReference; lastKnownFileType = sourcecode.swift; name = TestNSNumber.swift; path = Tests/Foundation/Tests/TestNSNumber.swift; sourceTree = "<group>"; };
		B94B076B2401849600B244E8 /* TestNotificationCenter.swift */ = {isa = PBXFileReference; lastKnownFileType = sourcecode.swift; name = TestNotificationCenter.swift; path = Tests/Foundation/Tests/TestNotificationCenter.swift; sourceTree = "<group>"; };
		B94B076C2401849600B244E8 /* TestNSAttributedString.swift */ = {isa = PBXFileReference; lastKnownFileType = sourcecode.swift; name = TestNSAttributedString.swift; path = Tests/Foundation/Tests/TestNSAttributedString.swift; sourceTree = "<group>"; };
		B94B076D2401849600B244E8 /* TestURLProtocol.swift */ = {isa = PBXFileReference; lastKnownFileType = sourcecode.swift; name = TestURLProtocol.swift; path = Tests/Foundation/Tests/TestURLProtocol.swift; sourceTree = "<group>"; };
		B94B076E2401849600B244E8 /* TestScanner.swift */ = {isa = PBXFileReference; lastKnownFileType = sourcecode.swift; name = TestScanner.swift; path = Tests/Foundation/Tests/TestScanner.swift; sourceTree = "<group>"; };
		B94B076F2401849600B244E8 /* TestXMLParser.swift */ = {isa = PBXFileReference; lastKnownFileType = sourcecode.swift; name = TestXMLParser.swift; path = Tests/Foundation/Tests/TestXMLParser.swift; sourceTree = "<group>"; };
		B94B07702401849600B244E8 /* TestNSUUID.swift */ = {isa = PBXFileReference; lastKnownFileType = sourcecode.swift; name = TestNSUUID.swift; path = Tests/Foundation/Tests/TestNSUUID.swift; sourceTree = "<group>"; };
		B94B07712401849600B244E8 /* TestThread.swift */ = {isa = PBXFileReference; lastKnownFileType = sourcecode.swift; name = TestThread.swift; path = Tests/Foundation/Tests/TestThread.swift; sourceTree = "<group>"; };
		B94B07722401849600B244E8 /* TestNSLocale.swift */ = {isa = PBXFileReference; lastKnownFileType = sourcecode.swift; name = TestNSLocale.swift; path = Tests/Foundation/Tests/TestNSLocale.swift; sourceTree = "<group>"; };
		B94B07732401849600B244E8 /* TestNSString.swift */ = {isa = PBXFileReference; lastKnownFileType = sourcecode.swift; name = TestNSString.swift; path = Tests/Foundation/Tests/TestNSString.swift; sourceTree = "<group>"; };
		B94B07742401849600B244E8 /* TestUserDefaults.swift */ = {isa = PBXFileReference; lastKnownFileType = sourcecode.swift; name = TestUserDefaults.swift; path = Tests/Foundation/Tests/TestUserDefaults.swift; sourceTree = "<group>"; };
		B94B07752401849600B244E8 /* TestNSTextCheckingResult.swift */ = {isa = PBXFileReference; lastKnownFileType = sourcecode.swift; name = TestNSTextCheckingResult.swift; path = Tests/Foundation/Tests/TestNSTextCheckingResult.swift; sourceTree = "<group>"; };
		B94B07762401849600B244E8 /* TestNSNumberBridging.swift */ = {isa = PBXFileReference; lastKnownFileType = sourcecode.swift; name = TestNSNumberBridging.swift; path = Tests/Foundation/Tests/TestNSNumberBridging.swift; sourceTree = "<group>"; };
		B94B07772401849600B244E8 /* TestOperationQueue.swift */ = {isa = PBXFileReference; lastKnownFileType = sourcecode.swift; name = TestOperationQueue.swift; path = Tests/Foundation/Tests/TestOperationQueue.swift; sourceTree = "<group>"; };
		B94B07782401849700B244E8 /* TestJSONEncoder.swift */ = {isa = PBXFileReference; lastKnownFileType = sourcecode.swift; name = TestJSONEncoder.swift; path = Tests/Foundation/Tests/TestJSONEncoder.swift; sourceTree = "<group>"; };
		B94B07792401849700B244E8 /* TestNSKeyedArchiver.swift */ = {isa = PBXFileReference; lastKnownFileType = sourcecode.swift; name = TestNSKeyedArchiver.swift; path = Tests/Foundation/Tests/TestNSKeyedArchiver.swift; sourceTree = "<group>"; };
		B94B077A2401849700B244E8 /* TestUtils.swift */ = {isa = PBXFileReference; lastKnownFileType = sourcecode.swift; name = TestUtils.swift; path = Tests/Foundation/Tests/TestUtils.swift; sourceTree = "<group>"; };
		B94B077B2401849700B244E8 /* TestUUID.swift */ = {isa = PBXFileReference; lastKnownFileType = sourcecode.swift; name = TestUUID.swift; path = Tests/Foundation/Tests/TestUUID.swift; sourceTree = "<group>"; };
		B94B077C2401849700B244E8 /* TestXMLDocument.swift */ = {isa = PBXFileReference; lastKnownFileType = sourcecode.swift; name = TestXMLDocument.swift; path = Tests/Foundation/Tests/TestXMLDocument.swift; sourceTree = "<group>"; };
		B94B077D2401849700B244E8 /* TestNSCache.swift */ = {isa = PBXFileReference; lastKnownFileType = sourcecode.swift; name = TestNSCache.swift; path = Tests/Foundation/Tests/TestNSCache.swift; sourceTree = "<group>"; };
		B94B077E2401849700B244E8 /* TestPersonNameComponents.swift */ = {isa = PBXFileReference; lastKnownFileType = sourcecode.swift; name = TestPersonNameComponents.swift; path = Tests/Foundation/Tests/TestPersonNameComponents.swift; sourceTree = "<group>"; };
		B94B077F2401849700B244E8 /* TestDate.swift */ = {isa = PBXFileReference; lastKnownFileType = sourcecode.swift; name = TestDate.swift; path = Tests/Foundation/Tests/TestDate.swift; sourceTree = "<group>"; };
		B94B07802401849700B244E8 /* TestPropertyListEncoder.swift */ = {isa = PBXFileReference; lastKnownFileType = sourcecode.swift; name = TestPropertyListEncoder.swift; path = Tests/Foundation/Tests/TestPropertyListEncoder.swift; sourceTree = "<group>"; };
		B94B07812401849700B244E8 /* TestHTTPCookie.swift */ = {isa = PBXFileReference; lastKnownFileType = sourcecode.swift; name = TestHTTPCookie.swift; path = Tests/Foundation/Tests/TestHTTPCookie.swift; sourceTree = "<group>"; };
		B94B07822401849700B244E8 /* TestAffineTransform.swift */ = {isa = PBXFileReference; lastKnownFileType = sourcecode.swift; name = TestAffineTransform.swift; path = Tests/Foundation/Tests/TestAffineTransform.swift; sourceTree = "<group>"; };
		B94B07832401849700B244E8 /* TestNSNull.swift */ = {isa = PBXFileReference; lastKnownFileType = sourcecode.swift; name = TestNSNull.swift; path = Tests/Foundation/Tests/TestNSNull.swift; sourceTree = "<group>"; };
		B94B07842401849700B244E8 /* TestUnit.swift */ = {isa = PBXFileReference; lastKnownFileType = sourcecode.swift; name = TestUnit.swift; path = Tests/Foundation/Tests/TestUnit.swift; sourceTree = "<group>"; };
		B94B07852401849700B244E8 /* TestISO8601DateFormatter.swift */ = {isa = PBXFileReference; lastKnownFileType = sourcecode.swift; name = TestISO8601DateFormatter.swift; path = Tests/Foundation/Tests/TestISO8601DateFormatter.swift; sourceTree = "<group>"; };
		B94B07862401849800B244E8 /* TestNSDictionary.swift */ = {isa = PBXFileReference; lastKnownFileType = sourcecode.swift; name = TestNSDictionary.swift; path = Tests/Foundation/Tests/TestNSDictionary.swift; sourceTree = "<group>"; };
		B94B07872401849800B244E8 /* TestNSRegularExpression.swift */ = {isa = PBXFileReference; lastKnownFileType = sourcecode.swift; name = TestNSRegularExpression.swift; path = Tests/Foundation/Tests/TestNSRegularExpression.swift; sourceTree = "<group>"; };
		B94B07882401849800B244E8 /* TestDateFormatter.swift */ = {isa = PBXFileReference; lastKnownFileType = sourcecode.swift; name = TestDateFormatter.swift; path = Tests/Foundation/Tests/TestDateFormatter.swift; sourceTree = "<group>"; };
		B94B07892401849800B244E8 /* TestURLResponse.swift */ = {isa = PBXFileReference; lastKnownFileType = sourcecode.swift; name = TestURLResponse.swift; path = Tests/Foundation/Tests/TestURLResponse.swift; sourceTree = "<group>"; };
		B94B078A2401849800B244E8 /* TestNSURLRequest.swift */ = {isa = PBXFileReference; lastKnownFileType = sourcecode.swift; name = TestNSURLRequest.swift; path = Tests/Foundation/Tests/TestNSURLRequest.swift; sourceTree = "<group>"; };
		B94B078B2401849800B244E8 /* TestNSLock.swift */ = {isa = PBXFileReference; lastKnownFileType = sourcecode.swift; name = TestNSLock.swift; path = Tests/Foundation/Tests/TestNSLock.swift; sourceTree = "<group>"; };
		B94B078C2401849800B244E8 /* TestUnitVolume.swift */ = {isa = PBXFileReference; lastKnownFileType = sourcecode.swift; name = TestUnitVolume.swift; path = Tests/Foundation/Tests/TestUnitVolume.swift; sourceTree = "<group>"; };
		B94B078D2401849800B244E8 /* TestByteCountFormatter.swift */ = {isa = PBXFileReference; lastKnownFileType = sourcecode.swift; name = TestByteCountFormatter.swift; path = Tests/Foundation/Tests/TestByteCountFormatter.swift; sourceTree = "<group>"; };
		B94B078E2401849800B244E8 /* TestURL.swift */ = {isa = PBXFileReference; lastKnownFileType = sourcecode.swift; name = TestURL.swift; path = Tests/Foundation/Tests/TestURL.swift; sourceTree = "<group>"; };
		B94B078F2401849800B244E8 /* TestCachedURLResponse.swift */ = {isa = PBXFileReference; lastKnownFileType = sourcecode.swift; name = TestCachedURLResponse.swift; path = Tests/Foundation/Tests/TestCachedURLResponse.swift; sourceTree = "<group>"; };
		B94B07902401849800B244E8 /* TestDecimal.swift */ = {isa = PBXFileReference; lastKnownFileType = sourcecode.swift; name = TestDecimal.swift; path = Tests/Foundation/Tests/TestDecimal.swift; sourceTree = "<group>"; };
		B94B07912401849800B244E8 /* TestStream.swift */ = {isa = PBXFileReference; lastKnownFileType = sourcecode.swift; name = TestStream.swift; path = Tests/Foundation/Tests/TestStream.swift; sourceTree = "<group>"; };
		B94B07922401849800B244E8 /* TestNSData.swift */ = {isa = PBXFileReference; lastKnownFileType = sourcecode.swift; name = TestNSData.swift; path = Tests/Foundation/Tests/TestNSData.swift; sourceTree = "<group>"; };
		B94B07932401849900B244E8 /* TestNSRange.swift */ = {isa = PBXFileReference; lastKnownFileType = sourcecode.swift; name = TestNSRange.swift; path = Tests/Foundation/Tests/TestNSRange.swift; sourceTree = "<group>"; };
		B94B07942401849900B244E8 /* TestObjCRuntime.swift */ = {isa = PBXFileReference; lastKnownFileType = sourcecode.swift; name = TestObjCRuntime.swift; path = Tests/Foundation/Tests/TestObjCRuntime.swift; sourceTree = "<group>"; };
		B94B07952401849900B244E8 /* TestSocketPort.swift */ = {isa = PBXFileReference; lastKnownFileType = sourcecode.swift; name = TestSocketPort.swift; path = Tests/Foundation/Tests/TestSocketPort.swift; sourceTree = "<group>"; };
		B94B07962401849900B244E8 /* TestHost.swift */ = {isa = PBXFileReference; lastKnownFileType = sourcecode.swift; name = TestHost.swift; path = Tests/Foundation/Tests/TestHost.swift; sourceTree = "<group>"; };
		B94B07972401849900B244E8 /* TestNSSet.swift */ = {isa = PBXFileReference; lastKnownFileType = sourcecode.swift; name = TestNSSet.swift; path = Tests/Foundation/Tests/TestNSSet.swift; sourceTree = "<group>"; };
		B94B07982401849900B244E8 /* TestDimension.swift */ = {isa = PBXFileReference; lastKnownFileType = sourcecode.swift; name = TestDimension.swift; path = Tests/Foundation/Tests/TestDimension.swift; sourceTree = "<group>"; };
		B94B07992401849900B244E8 /* TestEnergyFormatter.swift */ = {isa = PBXFileReference; lastKnownFileType = sourcecode.swift; name = TestEnergyFormatter.swift; path = Tests/Foundation/Tests/TestEnergyFormatter.swift; sourceTree = "<group>"; };
		B94B079A2401849900B244E8 /* TestTimeZone.swift */ = {isa = PBXFileReference; lastKnownFileType = sourcecode.swift; name = TestTimeZone.swift; path = Tests/Foundation/Tests/TestTimeZone.swift; sourceTree = "<group>"; };
		B94B079B2401849900B244E8 /* TestNSPredicate.swift */ = {isa = PBXFileReference; lastKnownFileType = sourcecode.swift; name = TestNSPredicate.swift; path = Tests/Foundation/Tests/TestNSPredicate.swift; sourceTree = "<group>"; };
		B94B079C2401849900B244E8 /* TestCharacterSet.swift */ = {isa = PBXFileReference; lastKnownFileType = sourcecode.swift; name = TestCharacterSet.swift; path = Tests/Foundation/Tests/TestCharacterSet.swift; sourceTree = "<group>"; };
		B94B079D2401849A00B244E8 /* TestNSCompoundPredicate.swift */ = {isa = PBXFileReference; lastKnownFileType = sourcecode.swift; name = TestNSCompoundPredicate.swift; path = Tests/Foundation/Tests/TestNSCompoundPredicate.swift; sourceTree = "<group>"; };
		B94B079E2401849A00B244E8 /* TestCalendar.swift */ = {isa = PBXFileReference; lastKnownFileType = sourcecode.swift; name = TestCalendar.swift; path = Tests/Foundation/Tests/TestCalendar.swift; sourceTree = "<group>"; };
		B94B079F2401849A00B244E8 /* TestURLSessionFTP.swift */ = {isa = PBXFileReference; lastKnownFileType = sourcecode.swift; name = TestURLSessionFTP.swift; path = Tests/Foundation/Tests/TestURLSessionFTP.swift; sourceTree = "<group>"; };
		B94B07A02401849A00B244E8 /* TestNumberFormatter.swift */ = {isa = PBXFileReference; lastKnownFileType = sourcecode.swift; name = TestNumberFormatter.swift; path = Tests/Foundation/Tests/TestNumberFormatter.swift; sourceTree = "<group>"; };
		B94B07A12401849A00B244E8 /* TestDateIntervalFormatter.swift */ = {isa = PBXFileReference; lastKnownFileType = sourcecode.swift; name = TestDateIntervalFormatter.swift; path = Tests/Foundation/Tests/TestDateIntervalFormatter.swift; sourceTree = "<group>"; };
		B94B07A22401849A00B244E8 /* TestNSArray.swift */ = {isa = PBXFileReference; lastKnownFileType = sourcecode.swift; name = TestNSArray.swift; path = Tests/Foundation/Tests/TestNSArray.swift; sourceTree = "<group>"; };
		B94B07A32401849A00B244E8 /* TestProgress.swift */ = {isa = PBXFileReference; lastKnownFileType = sourcecode.swift; name = TestProgress.swift; path = Tests/Foundation/Tests/TestProgress.swift; sourceTree = "<group>"; };
		B94B07A42401849A00B244E8 /* TestURLCredential.swift */ = {isa = PBXFileReference; lastKnownFileType = sourcecode.swift; name = TestURLCredential.swift; path = Tests/Foundation/Tests/TestURLCredential.swift; sourceTree = "<group>"; };
		B94B07A52401849A00B244E8 /* TestURLSession.swift */ = {isa = PBXFileReference; lastKnownFileType = sourcecode.swift; name = TestURLSession.swift; path = Tests/Foundation/Tests/TestURLSession.swift; sourceTree = "<group>"; };
		B94B0808240184CE00B244E8 /* NSKeyedUnarchiver-ComplexTest.plist */ = {isa = PBXFileReference; lastKnownFileType = file.bplist; name = "NSKeyedUnarchiver-ComplexTest.plist"; path = "Tests/Foundation/Resources/NSKeyedUnarchiver-ComplexTest.plist"; sourceTree = "<group>"; };
		B94B0809240184CF00B244E8 /* NSKeyedUnarchiver-OrderedSetTest.plist */ = {isa = PBXFileReference; lastKnownFileType = text.plist.xml; name = "NSKeyedUnarchiver-OrderedSetTest.plist"; path = "Tests/Foundation/Resources/NSKeyedUnarchiver-OrderedSetTest.plist"; sourceTree = "<group>"; };
		B94B080A240184CF00B244E8 /* NSString-UTF16-LE-data.txt */ = {isa = PBXFileReference; lastKnownFileType = text; name = "NSString-UTF16-LE-data.txt"; path = "Tests/Foundation/Resources/NSString-UTF16-LE-data.txt"; sourceTree = "<group>"; };
		B94B080B240184CF00B244E8 /* NSStringTestData.txt */ = {isa = PBXFileReference; lastKnownFileType = text; name = NSStringTestData.txt; path = Tests/Foundation/Resources/NSStringTestData.txt; sourceTree = "<group>"; };
		B94B080C240184CF00B244E8 /* NSURLTestData.plist */ = {isa = PBXFileReference; lastKnownFileType = text.plist.xml; name = NSURLTestData.plist; path = Tests/Foundation/Resources/NSURLTestData.plist; sourceTree = "<group>"; };
		B94B080D240184CF00B244E8 /* NSKeyedUnarchiver-URLTest.plist */ = {isa = PBXFileReference; lastKnownFileType = text.plist.xml; name = "NSKeyedUnarchiver-URLTest.plist"; path = "Tests/Foundation/Resources/NSKeyedUnarchiver-URLTest.plist"; sourceTree = "<group>"; };
		B94B080E240184CF00B244E8 /* Test.plist */ = {isa = PBXFileReference; lastKnownFileType = text.plist.xml; name = Test.plist; path = Tests/Foundation/Resources/Test.plist; sourceTree = "<group>"; };
		B94B080F240184CF00B244E8 /* NSKeyedUnarchiver-ArrayTest.plist */ = {isa = PBXFileReference; lastKnownFileType = text.plist.xml; name = "NSKeyedUnarchiver-ArrayTest.plist"; path = "Tests/Foundation/Resources/NSKeyedUnarchiver-ArrayTest.plist"; sourceTree = "<group>"; };
		B94B0810240184CF00B244E8 /* NSKeyedUnarchiver-NotificationTest.plist */ = {isa = PBXFileReference; lastKnownFileType = text.plist.xml; name = "NSKeyedUnarchiver-NotificationTest.plist"; path = "Tests/Foundation/Resources/NSKeyedUnarchiver-NotificationTest.plist"; sourceTree = "<group>"; };
		B94B0811240184CF00B244E8 /* NSString-UTF32-LE-data.txt */ = {isa = PBXFileReference; lastKnownFileType = text; name = "NSString-UTF32-LE-data.txt"; path = "Tests/Foundation/Resources/NSString-UTF32-LE-data.txt"; sourceTree = "<group>"; };
		B94B0812240184CF00B244E8 /* TestFileWithZeros.txt */ = {isa = PBXFileReference; lastKnownFileType = text; name = TestFileWithZeros.txt; path = Tests/Foundation/Resources/TestFileWithZeros.txt; sourceTree = "<group>"; };
		B94B0813240184CF00B244E8 /* NSXMLDocumentTestData.xml */ = {isa = PBXFileReference; lastKnownFileType = text.xml; name = NSXMLDocumentTestData.xml; path = Tests/Foundation/Resources/NSXMLDocumentTestData.xml; sourceTree = "<group>"; };
		B94B0814240184CF00B244E8 /* NSXMLDTDTestData.xml */ = {isa = PBXFileReference; lastKnownFileType = text.xml; name = NSXMLDTDTestData.xml; path = Tests/Foundation/Resources/NSXMLDTDTestData.xml; sourceTree = "<group>"; };
		B94B0815240184D000B244E8 /* NSKeyedUnarchiver-EdgeInsetsTest.plist */ = {isa = PBXFileReference; lastKnownFileType = text.plist.xml; name = "NSKeyedUnarchiver-EdgeInsetsTest.plist"; path = "Tests/Foundation/Resources/NSKeyedUnarchiver-EdgeInsetsTest.plist"; sourceTree = "<group>"; };
		B94B0816240184D000B244E8 /* NSKeyedUnarchiver-UUIDTest.plist */ = {isa = PBXFileReference; lastKnownFileType = text.plist.xml; name = "NSKeyedUnarchiver-UUIDTest.plist"; path = "Tests/Foundation/Resources/NSKeyedUnarchiver-UUIDTest.plist"; sourceTree = "<group>"; };
		B94B0817240184D000B244E8 /* PropertyList-1.0.dtd */ = {isa = PBXFileReference; lastKnownFileType = text.xml; name = "PropertyList-1.0.dtd"; path = "Tests/Foundation/Resources/PropertyList-1.0.dtd"; sourceTree = "<group>"; };
		B94B0818240184D000B244E8 /* NSKeyedUnarchiver-RangeTest.plist */ = {isa = PBXFileReference; lastKnownFileType = text.plist.xml; name = "NSKeyedUnarchiver-RangeTest.plist"; path = "Tests/Foundation/Resources/NSKeyedUnarchiver-RangeTest.plist"; sourceTree = "<group>"; };
		B94B0819240184D000B244E8 /* NSKeyedUnarchiver-RectTest.plist */ = {isa = PBXFileReference; lastKnownFileType = text.plist.xml; name = "NSKeyedUnarchiver-RectTest.plist"; path = "Tests/Foundation/Resources/NSKeyedUnarchiver-RectTest.plist"; sourceTree = "<group>"; };
		B94B081A240184D000B244E8 /* NSKeyedUnarchiver-ConcreteValueTest.plist */ = {isa = PBXFileReference; lastKnownFileType = text.plist.xml; name = "NSKeyedUnarchiver-ConcreteValueTest.plist"; path = "Tests/Foundation/Resources/NSKeyedUnarchiver-ConcreteValueTest.plist"; sourceTree = "<group>"; };
		B94B081B240184D000B244E8 /* NSString-ISO-8859-1-data.txt */ = {isa = PBXFileReference; lastKnownFileType = text; name = "NSString-ISO-8859-1-data.txt"; path = "Tests/Foundation/Resources/NSString-ISO-8859-1-data.txt"; sourceTree = "<group>"; };
		B94B081C240184D000B244E8 /* NSString-UTF16-BE-data.txt */ = {isa = PBXFileReference; lastKnownFileType = text; name = "NSString-UTF16-BE-data.txt"; path = "Tests/Foundation/Resources/NSString-UTF16-BE-data.txt"; sourceTree = "<group>"; };
		B94B081D240184D000B244E8 /* NSString-UTF32-BE-data.txt */ = {isa = PBXFileReference; lastKnownFileType = text; name = "NSString-UTF32-BE-data.txt"; path = "Tests/Foundation/Resources/NSString-UTF32-BE-data.txt"; sourceTree = "<group>"; };
		B94B08342401854E00B244E8 /* main.swift */ = {isa = PBXFileReference; lastKnownFileType = sourcecode.swift; name = main.swift; path = Tests/Tools/XDGTestHelper/main.swift; sourceTree = "<group>"; };
		B94B0836240185FF00B244E8 /* DarwinShims.swift */ = {isa = PBXFileReference; lastKnownFileType = sourcecode.swift; name = DarwinShims.swift; path = DarwinCompatibilityTests/DarwinShims.swift; sourceTree = "<group>"; };
		B99EAE6E23602FFA00C8FB46 /* TestsToSkip.txt */ = {isa = PBXFileReference; fileEncoding = 4; lastKnownFileType = text; path = TestsToSkip.txt; sourceTree = "<group>"; };
		B99EAE6F23602FFA00C8FB46 /* xcode-build.sh */ = {isa = PBXFileReference; fileEncoding = 4; lastKnownFileType = text.script.sh; path = "xcode-build.sh"; sourceTree = "<group>"; };
		B9C89ED11F6BF67C00087AF4 /* XCTest.framework */ = {isa = PBXFileReference; lastKnownFileType = wrapper.framework; name = XCTest.framework; path = Platforms/MacOSX.platform/Developer/Library/Frameworks/XCTest.framework; sourceTree = DEVELOPER_DIR; };
		B9C89ED71F6BF77E00087AF4 /* DarwinCompatibilityTests.xctest */ = {isa = PBXFileReference; explicitFileType = wrapper.cfbundle; includeInIndex = 0; path = DarwinCompatibilityTests.xctest; sourceTree = BUILT_PRODUCTS_DIR; };
		B9C89EDB1F6BF77E00087AF4 /* Info.plist */ = {isa = PBXFileReference; lastKnownFileType = text.plist.xml; path = Info.plist; sourceTree = "<group>"; };
		B9C89EDF1F6BF79000087AF4 /* TestFoundation */ = {isa = PBXFileReference; lastKnownFileType = folder; name = TestFoundation; path = ../TestFoundation; sourceTree = "<group>"; };
		B9F3269E1FC714DD003C3599 /* DarwinShims.swift */ = {isa = PBXFileReference; fileEncoding = 4; lastKnownFileType = sourcecode.swift; path = DarwinShims.swift; sourceTree = "<group>"; };
/* End PBXFileReference section */

/* Begin PBXFrameworksBuildPhase section */
		B917D31920B0DB8B00728EE0 /* Frameworks */ = {
			isa = PBXFrameworksBuildPhase;
			buildActionMask = 2147483647;
			files = (
				B917D32420B0DB9700728EE0 /* Foundation.framework in Frameworks */,
			);
			runOnlyForDeploymentPostprocessing = 0;
		};
		B9C89ED41F6BF77E00087AF4 /* Frameworks */ = {
			isa = PBXFrameworksBuildPhase;
			buildActionMask = 2147483647;
			files = (
			);
			runOnlyForDeploymentPostprocessing = 0;
		};
/* End PBXFrameworksBuildPhase section */

/* Begin PBXGroup section */
		B917D31D20B0DB8B00728EE0 /* xdgTestHelper */ = {
			isa = PBXGroup;
			children = (
			);
			path = xdgTestHelper;
			sourceTree = "<group>";
		};
		B9C89EB81F6BF47D00087AF4 = {
			isa = PBXGroup;
			children = (
				B94B08342401854E00B244E8 /* main.swift */,
				B94B07822401849700B244E8 /* TestAffineTransform.swift */,
				B94B07472401849300B244E8 /* TestBundle.swift */,
				B94B078D2401849800B244E8 /* TestByteCountFormatter.swift */,
				B94B078F2401849800B244E8 /* TestCachedURLResponse.swift */,
				B94B079E2401849A00B244E8 /* TestCalendar.swift */,
				B94B079C2401849900B244E8 /* TestCharacterSet.swift */,
				B94B07592401849400B244E8 /* TestCodable.swift */,
				B94B077F2401849700B244E8 /* TestDate.swift */,
				B94B074B2401849300B244E8 /* TestDateComponents.swift */,
				B94B07882401849800B244E8 /* TestDateFormatter.swift */,
				B94B07462401849300B244E8 /* TestDateInterval.swift */,
				B94B07A12401849A00B244E8 /* TestDateIntervalFormatter.swift */,
				B94B07902401849800B244E8 /* TestDecimal.swift */,
				B94B07982401849900B244E8 /* TestDimension.swift */,
				B94B07992401849900B244E8 /* TestEnergyFormatter.swift */,
				B94B074D2401849300B244E8 /* TestFileHandle.swift */,
				B94B07512401849400B244E8 /* TestFileManager.swift */,
				B94B07962401849900B244E8 /* TestHost.swift */,
				B94B07812401849700B244E8 /* TestHTTPCookie.swift */,
				B94B07682401849500B244E8 /* TestHTTPCookieStorage.swift */,
				B94B07542401849400B244E8 /* TestHTTPURLResponse.swift */,
				B94B07672401849500B244E8 /* TestIndexPath.swift */,
				B94B074A2401849300B244E8 /* TestIndexSet.swift */,
				B94B07852401849700B244E8 /* TestISO8601DateFormatter.swift */,
				B94B07782401849700B244E8 /* TestJSONEncoder.swift */,
				B94B075D2401849400B244E8 /* TestJSONSerialization.swift */,
				B94B07562401849400B244E8 /* TestLengthFormatter.swift */,
				B94B075B2401849400B244E8 /* TestMassFormatter.swift */,
				B94B075E2401849500B244E8 /* TestMeasurement.swift */,
				B94B074C2401849300B244E8 /* TestNotification.swift */,
				B94B076B2401849600B244E8 /* TestNotificationCenter.swift */,
				B94B07632401849500B244E8 /* TestNotificationQueue.swift */,
				B94B07A22401849A00B244E8 /* TestNSArray.swift */,
				B94B076C2401849600B244E8 /* TestNSAttributedString.swift */,
				B94B077D2401849700B244E8 /* TestNSCache.swift */,
				B94B07552401849400B244E8 /* TestNSCalendar.swift */,
				B94B079D2401849A00B244E8 /* TestNSCompoundPredicate.swift */,
				B94B07922401849800B244E8 /* TestNSData.swift */,
				B94B07642401849500B244E8 /* TestNSDateComponents.swift */,
				B94B07862401849800B244E8 /* TestNSDictionary.swift */,
				B94B07652401849500B244E8 /* TestNSError.swift */,
				B94B07522401849400B244E8 /* TestNSGeometry.swift */,
				B94B07792401849700B244E8 /* TestNSKeyedArchiver.swift */,
				B94B07662401849500B244E8 /* TestNSKeyedUnarchiver.swift */,
				B94B07722401849600B244E8 /* TestNSLocale.swift */,
				B94B078B2401849800B244E8 /* TestNSLock.swift */,
				B94B07832401849700B244E8 /* TestNSNull.swift */,
				B94B076A2401849500B244E8 /* TestNSNumber.swift */,
				B94B07762401849600B244E8 /* TestNSNumberBridging.swift */,
				B94B07692401849500B244E8 /* TestNSOrderedSet.swift */,
				B94B079B2401849900B244E8 /* TestNSPredicate.swift */,
				B94B07932401849900B244E8 /* TestNSRange.swift */,
				B94B07872401849800B244E8 /* TestNSRegularExpression.swift */,
				B94B07972401849900B244E8 /* TestNSSet.swift */,
				B94B075C2401849400B244E8 /* TestNSSortDescriptor.swift */,
				B94B07732401849600B244E8 /* TestNSString.swift */,
				B94B07752401849600B244E8 /* TestNSTextCheckingResult.swift */,
				B94B078A2401849800B244E8 /* TestNSURLRequest.swift */,
				B94B07702401849600B244E8 /* TestNSUUID.swift */,
				B94B07582401849400B244E8 /* TestNSValue.swift */,
				B94B07A02401849A00B244E8 /* TestNumberFormatter.swift */,
				B94B07942401849900B244E8 /* TestObjCRuntime.swift */,
				B94B07772401849600B244E8 /* TestOperationQueue.swift */,
				B94B077E2401849700B244E8 /* TestPersonNameComponents.swift */,
				B94B07502401849400B244E8 /* TestPipe.swift */,
				B94B07492401849300B244E8 /* TestProcess.swift */,
				B94B07532401849400B244E8 /* TestProcessInfo.swift */,
				B94B07A32401849A00B244E8 /* TestProgress.swift */,
				B94B07602401849500B244E8 /* TestProgressFraction.swift */,
				B94B07802401849700B244E8 /* TestPropertyListEncoder.swift */,
				B94B07612401849500B244E8 /* TestPropertyListSerialization.swift */,
				B94B07452401849300B244E8 /* TestRunLoop.swift */,
				B94B076E2401849600B244E8 /* TestScanner.swift */,
				B94B07952401849900B244E8 /* TestSocketPort.swift */,
				B94B07912401849800B244E8 /* TestStream.swift */,
				B94B07712401849600B244E8 /* TestThread.swift */,
				B94B074E2401849400B244E8 /* TestTimer.swift */,
				B94B079A2401849900B244E8 /* TestTimeZone.swift */,
				B94B07842401849700B244E8 /* TestUnit.swift */,
				B94B07442401849300B244E8 /* TestUnitConverter.swift */,
				B94B078C2401849800B244E8 /* TestUnitVolume.swift */,
				B94B078E2401849800B244E8 /* TestURL.swift */,
				B94B07572401849400B244E8 /* TestURLCache.swift */,
				B94B075A2401849400B244E8 /* TestURLComponents.swift */,
				B94B07A42401849A00B244E8 /* TestURLCredential.swift */,
				B94B074F2401849400B244E8 /* TestURLCredentialStorage.swift */,
				B94B075F2401849500B244E8 /* TestURLProtectionSpace.swift */,
				B94B076D2401849600B244E8 /* TestURLProtocol.swift */,
				B94B07482401849300B244E8 /* TestURLRequest.swift */,
				B94B07892401849800B244E8 /* TestURLResponse.swift */,
				B94B07A52401849A00B244E8 /* TestURLSession.swift */,
				B94B079F2401849A00B244E8 /* TestURLSessionFTP.swift */,
				B94B07742401849600B244E8 /* TestUserDefaults.swift */,
				B94B077A2401849700B244E8 /* TestUtils.swift */,
				B94B077B2401849700B244E8 /* TestUUID.swift */,
				B94B077C2401849700B244E8 /* TestXMLDocument.swift */,
				B94B076F2401849600B244E8 /* TestXMLParser.swift */,
				B94B0836240185FF00B244E8 /* DarwinShims.swift */,
				B94B073F2401847C00B244E8 /* FixtureValues.swift */,
				B94B073C2401847C00B244E8 /* FTPServer.swift */,
				B94B073D2401847C00B244E8 /* HTTPServer.swift */,
				B94B07622401849500B244E8 /* Utilities.swift */,
				B94B073E2401847C00B244E8 /* Imports.swift */,
				B94B080F240184CF00B244E8 /* NSKeyedUnarchiver-ArrayTest.plist */,
				B94B0808240184CE00B244E8 /* NSKeyedUnarchiver-ComplexTest.plist */,
				B94B081A240184D000B244E8 /* NSKeyedUnarchiver-ConcreteValueTest.plist */,
				B94B0815240184D000B244E8 /* NSKeyedUnarchiver-EdgeInsetsTest.plist */,
				B94B0810240184CF00B244E8 /* NSKeyedUnarchiver-NotificationTest.plist */,
				B94B0809240184CF00B244E8 /* NSKeyedUnarchiver-OrderedSetTest.plist */,
				B94B0818240184D000B244E8 /* NSKeyedUnarchiver-RangeTest.plist */,
				B94B0819240184D000B244E8 /* NSKeyedUnarchiver-RectTest.plist */,
				B94B080D240184CF00B244E8 /* NSKeyedUnarchiver-URLTest.plist */,
				B94B0816240184D000B244E8 /* NSKeyedUnarchiver-UUIDTest.plist */,
				B94B081B240184D000B244E8 /* NSString-ISO-8859-1-data.txt */,
				B94B081C240184D000B244E8 /* NSString-UTF16-BE-data.txt */,
				B94B080A240184CF00B244E8 /* NSString-UTF16-LE-data.txt */,
				B94B081D240184D000B244E8 /* NSString-UTF32-BE-data.txt */,
				B94B0811240184CF00B244E8 /* NSString-UTF32-LE-data.txt */,
				B94B080B240184CF00B244E8 /* NSStringTestData.txt */,
				B94B080C240184CF00B244E8 /* NSURLTestData.plist */,
				B94B0813240184CF00B244E8 /* NSXMLDocumentTestData.xml */,
				B94B0814240184CF00B244E8 /* NSXMLDTDTestData.xml */,
				B94B0817240184D000B244E8 /* PropertyList-1.0.dtd */,
				B94B080E240184CF00B244E8 /* Test.plist */,
				B94B0812240184CF00B244E8 /* TestFileWithZeros.txt */,
				B9C89ED81F6BF77E00087AF4 /* DarwinCompatibilityTests */,
				B917D31D20B0DB8B00728EE0 /* xdgTestHelper */,
				B9C89EC21F6BF47D00087AF4 /* Products */,
				B9C89ED01F6BF67C00087AF4 /* Frameworks */,
			);
			sourceTree = "<group>";
		};
		B9C89EC21F6BF47D00087AF4 /* Products */ = {
			isa = PBXGroup;
			children = (
				B9C89ED71F6BF77E00087AF4 /* DarwinCompatibilityTests.xctest */,
				B917D31C20B0DB8B00728EE0 /* xdgTestHelper */,
			);
			name = Products;
			sourceTree = "<group>";
		};
		B9C89ED01F6BF67C00087AF4 /* Frameworks */ = {
			isa = PBXGroup;
			children = (
				B917D32320B0DB9700728EE0 /* Foundation.framework */,
				B9C89ED11F6BF67C00087AF4 /* XCTest.framework */,
			);
			name = Frameworks;
			sourceTree = "<group>";
		};
		B9C89ED81F6BF77E00087AF4 /* DarwinCompatibilityTests */ = {
			isa = PBXGroup;
			children = (
				B99EAE6F23602FFA00C8FB46 /* xcode-build.sh */,
				B99EAE6E23602FFA00C8FB46 /* TestsToSkip.txt */,
				B9F3269E1FC714DD003C3599 /* DarwinShims.swift */,
				B9C89EDF1F6BF79000087AF4 /* TestFoundation */,
				B9C89EDB1F6BF77E00087AF4 /* Info.plist */,
			);
			path = DarwinCompatibilityTests;
			sourceTree = "<group>";
		};
/* End PBXGroup section */

/* Begin PBXNativeTarget section */
		B917D31B20B0DB8B00728EE0 /* xdgTestHelper */ = {
			isa = PBXNativeTarget;
			buildConfigurationList = B917D32220B0DB8B00728EE0 /* Build configuration list for PBXNativeTarget "xdgTestHelper" */;
			buildPhases = (
				B917D31820B0DB8B00728EE0 /* Sources */,
				B917D31920B0DB8B00728EE0 /* Frameworks */,
				B917D31A20B0DB8B00728EE0 /* CopyFiles */,
			);
			buildRules = (
			);
			dependencies = (
			);
			name = xdgTestHelper;
			productName = xdgTestHelper;
			productReference = B917D31C20B0DB8B00728EE0 /* xdgTestHelper */;
			productType = "com.apple.product-type.tool";
		};
		B9C89ED61F6BF77E00087AF4 /* DarwinCompatibilityTests */ = {
			isa = PBXNativeTarget;
			buildConfigurationList = B9C89EDC1F6BF77E00087AF4 /* Build configuration list for PBXNativeTarget "DarwinCompatibilityTests" */;
			buildPhases = (
				B9C89ED31F6BF77E00087AF4 /* Sources */,
				B9C89ED41F6BF77E00087AF4 /* Frameworks */,
				B9C89ED51F6BF77E00087AF4 /* Resources */,
				B9F137A020B998C0000B7577 /* CopyFiles */,
			);
			buildRules = (
			);
			dependencies = (
				B9F1379F20B9984F000B7577 /* PBXTargetDependency */,
			);
			name = DarwinCompatibilityTests;
			productName = DarwinCompatibilityTests;
			productReference = B9C89ED71F6BF77E00087AF4 /* DarwinCompatibilityTests.xctest */;
			productType = "com.apple.product-type.bundle.unit-test";
		};
/* End PBXNativeTarget section */

/* Begin PBXProject section */
		B9C89EB91F6BF47D00087AF4 /* Project object */ = {
			isa = PBXProject;
			attributes = {
				LastSwiftUpdateCheck = 0930;
				LastUpgradeCheck = 0900;
				ORGANIZATIONNAME = Apple;
				TargetAttributes = {
					B917D31B20B0DB8B00728EE0 = {
						CreatedOnToolsVersion = 9.3.1;
						ProvisioningStyle = Automatic;
					};
					B9C89ED61F6BF77E00087AF4 = {
						CreatedOnToolsVersion = 9.0;
						ProvisioningStyle = Automatic;
					};
				};
			};
			buildConfigurationList = B9C89EBC1F6BF47D00087AF4 /* Build configuration list for PBXProject "DarwinCompatibilityTests" */;
			compatibilityVersion = "Xcode 8.0";
			developmentRegion = en;
			hasScannedForEncodings = 0;
			knownRegions = (
				en,
			);
			mainGroup = B9C89EB81F6BF47D00087AF4;
			productRefGroup = B9C89EC21F6BF47D00087AF4 /* Products */;
			projectDirPath = "";
			projectRoot = "";
			targets = (
				B9C89ED61F6BF77E00087AF4 /* DarwinCompatibilityTests */,
				B917D31B20B0DB8B00728EE0 /* xdgTestHelper */,
			);
		};
/* End PBXProject section */

/* Begin PBXResourcesBuildPhase section */
		B9C89ED51F6BF77E00087AF4 /* Resources */ = {
			isa = PBXResourcesBuildPhase;
			buildActionMask = 2147483647;
			files = (
				B94B081E240184D000B244E8 /* NSKeyedUnarchiver-ComplexTest.plist in Resources */,
				B94B081F240184D000B244E8 /* NSKeyedUnarchiver-OrderedSetTest.plist in Resources */,
				B94B0820240184D000B244E8 /* NSString-UTF16-LE-data.txt in Resources */,
				B94B0821240184D000B244E8 /* NSStringTestData.txt in Resources */,
				B94B0822240184D000B244E8 /* NSURLTestData.plist in Resources */,
				B94B0823240184D000B244E8 /* NSKeyedUnarchiver-URLTest.plist in Resources */,
				B94B0824240184D000B244E8 /* Test.plist in Resources */,
				B94B0825240184D000B244E8 /* NSKeyedUnarchiver-ArrayTest.plist in Resources */,
				B94B0826240184D000B244E8 /* NSKeyedUnarchiver-NotificationTest.plist in Resources */,
				B94B0827240184D000B244E8 /* NSString-UTF32-LE-data.txt in Resources */,
				B94B0828240184D000B244E8 /* TestFileWithZeros.txt in Resources */,
				B94B0829240184D000B244E8 /* NSXMLDocumentTestData.xml in Resources */,
				B94B082A240184D000B244E8 /* NSXMLDTDTestData.xml in Resources */,
				B94B082B240184D000B244E8 /* NSKeyedUnarchiver-EdgeInsetsTest.plist in Resources */,
				B94B082C240184D000B244E8 /* NSKeyedUnarchiver-UUIDTest.plist in Resources */,
				B94B082D240184D000B244E8 /* PropertyList-1.0.dtd in Resources */,
				B94B082E240184D000B244E8 /* NSKeyedUnarchiver-RangeTest.plist in Resources */,
				B94B082F240184D000B244E8 /* NSKeyedUnarchiver-RectTest.plist in Resources */,
				B94B0830240184D000B244E8 /* NSKeyedUnarchiver-ConcreteValueTest.plist in Resources */,
				B94B0831240184D000B244E8 /* NSString-ISO-8859-1-data.txt in Resources */,
				B94B0832240184D000B244E8 /* NSString-UTF16-BE-data.txt in Resources */,
				B94B0833240184D000B244E8 /* NSString-UTF32-BE-data.txt in Resources */,
			);
			runOnlyForDeploymentPostprocessing = 0;
		};
/* End PBXResourcesBuildPhase section */

/* Begin PBXSourcesBuildPhase section */
		B917D31820B0DB8B00728EE0 /* Sources */ = {
			isa = PBXSourcesBuildPhase;
			buildActionMask = 2147483647;
			files = (
				B94B08352401854E00B244E8 /* main.swift in Sources */,
				B9ED84FD23641F7000A58AF2 /* DarwinShims.swift in Sources */,
			);
			runOnlyForDeploymentPostprocessing = 0;
		};
		B9C89ED31F6BF77E00087AF4 /* Sources */ = {
			isa = PBXSourcesBuildPhase;
			buildActionMask = 2147483647;
			files = (
				B94B07A62401849A00B244E8 /* TestUnitConverter.swift in Sources */,
				B94B07A72401849A00B244E8 /* TestRunLoop.swift in Sources */,
				B94B07A82401849A00B244E8 /* TestDateInterval.swift in Sources */,
				B94B07A92401849A00B244E8 /* TestBundle.swift in Sources */,
				B94B07AA2401849A00B244E8 /* TestURLRequest.swift in Sources */,
				B94B07AB2401849A00B244E8 /* TestProcess.swift in Sources */,
				B94B07AC2401849A00B244E8 /* TestIndexSet.swift in Sources */,
				B94B07AD2401849A00B244E8 /* TestDateComponents.swift in Sources */,
				B94B07AE2401849A00B244E8 /* TestNotification.swift in Sources */,
				B94B07AF2401849A00B244E8 /* TestFileHandle.swift in Sources */,
				B94B07B02401849A00B244E8 /* TestTimer.swift in Sources */,
				B94B07B12401849A00B244E8 /* TestURLCredentialStorage.swift in Sources */,
				B94B07B22401849A00B244E8 /* TestPipe.swift in Sources */,
				B94B07B32401849A00B244E8 /* TestFileManager.swift in Sources */,
				B94B07B42401849A00B244E8 /* TestNSGeometry.swift in Sources */,
				B94B07B52401849A00B244E8 /* TestProcessInfo.swift in Sources */,
				B94B07B62401849A00B244E8 /* TestHTTPURLResponse.swift in Sources */,
				B94B07B72401849A00B244E8 /* TestNSCalendar.swift in Sources */,
				B94B07B82401849A00B244E8 /* TestLengthFormatter.swift in Sources */,
				B94B07B92401849A00B244E8 /* TestURLCache.swift in Sources */,
				B94B07BA2401849A00B244E8 /* TestNSValue.swift in Sources */,
				B94B07BB2401849A00B244E8 /* TestCodable.swift in Sources */,
				B94B07BC2401849A00B244E8 /* TestURLComponents.swift in Sources */,
				B94B07BD2401849A00B244E8 /* TestMassFormatter.swift in Sources */,
				B94B07BE2401849A00B244E8 /* TestNSSortDescriptor.swift in Sources */,
				B94B07BF2401849A00B244E8 /* TestJSONSerialization.swift in Sources */,
				B94B07C02401849A00B244E8 /* TestMeasurement.swift in Sources */,
				B94B07C12401849A00B244E8 /* TestURLProtectionSpace.swift in Sources */,
				B94B07C22401849A00B244E8 /* TestProgressFraction.swift in Sources */,
				B94B07C32401849A00B244E8 /* TestPropertyListSerialization.swift in Sources */,
				B94B07C52401849A00B244E8 /* TestNotificationQueue.swift in Sources */,
				B94B07C62401849A00B244E8 /* TestNSDateComponents.swift in Sources */,
				B94B07C72401849A00B244E8 /* TestNSError.swift in Sources */,
				B94B07C82401849B00B244E8 /* TestNSKeyedUnarchiver.swift in Sources */,
				B94B07C92401849B00B244E8 /* TestIndexPath.swift in Sources */,
				B94B07CA2401849B00B244E8 /* TestHTTPCookieStorage.swift in Sources */,
				B94B07CB2401849B00B244E8 /* TestNSOrderedSet.swift in Sources */,
				B94B07CC2401849B00B244E8 /* TestNSNumber.swift in Sources */,
				B94B07CD2401849B00B244E8 /* TestNotificationCenter.swift in Sources */,
				B94B07CE2401849B00B244E8 /* TestNSAttributedString.swift in Sources */,
				B94B07CF2401849B00B244E8 /* TestURLProtocol.swift in Sources */,
				B94B07D02401849B00B244E8 /* TestScanner.swift in Sources */,
				B94B07D12401849B00B244E8 /* TestXMLParser.swift in Sources */,
				B94B07D22401849B00B244E8 /* TestNSUUID.swift in Sources */,
				B94B07D32401849B00B244E8 /* TestThread.swift in Sources */,
				B94B07D42401849B00B244E8 /* TestNSLocale.swift in Sources */,
				B94B07D52401849B00B244E8 /* TestNSString.swift in Sources */,
				B94B07D62401849B00B244E8 /* TestUserDefaults.swift in Sources */,
				B94B07D72401849B00B244E8 /* TestNSTextCheckingResult.swift in Sources */,
				B94B07D82401849B00B244E8 /* TestNSNumberBridging.swift in Sources */,
				B94B07D92401849B00B244E8 /* TestOperationQueue.swift in Sources */,
				B94B07DA2401849B00B244E8 /* TestJSONEncoder.swift in Sources */,
				B94B07DB2401849B00B244E8 /* TestNSKeyedArchiver.swift in Sources */,
				B94B07DC2401849B00B244E8 /* TestUtils.swift in Sources */,
				B94B07DD2401849B00B244E8 /* TestUUID.swift in Sources */,
				B94B07DE2401849B00B244E8 /* TestXMLDocument.swift in Sources */,
				B94B07DF2401849B00B244E8 /* TestNSCache.swift in Sources */,
				B94B07E02401849B00B244E8 /* TestPersonNameComponents.swift in Sources */,
				B94B07E12401849B00B244E8 /* TestDate.swift in Sources */,
				B94B07E22401849B00B244E8 /* TestPropertyListEncoder.swift in Sources */,
				B94B07E32401849B00B244E8 /* TestHTTPCookie.swift in Sources */,
				B94B07E42401849B00B244E8 /* TestAffineTransform.swift in Sources */,
				B94B07E52401849B00B244E8 /* TestNSNull.swift in Sources */,
				B94B07E62401849B00B244E8 /* TestUnit.swift in Sources */,
				B94B07E72401849B00B244E8 /* TestISO8601DateFormatter.swift in Sources */,
				B94B07E82401849B00B244E8 /* TestNSDictionary.swift in Sources */,
				B94B07E92401849B00B244E8 /* TestNSRegularExpression.swift in Sources */,
				B94B07EA2401849B00B244E8 /* TestDateFormatter.swift in Sources */,
				B94B07EB2401849B00B244E8 /* TestURLResponse.swift in Sources */,
				B94B07EC2401849B00B244E8 /* TestNSURLRequest.swift in Sources */,
				B94B07ED2401849B00B244E8 /* TestNSLock.swift in Sources */,
				B94B07EE2401849B00B244E8 /* TestUnitVolume.swift in Sources */,
				B94B07EF2401849B00B244E8 /* TestByteCountFormatter.swift in Sources */,
				B94B07F02401849B00B244E8 /* TestURL.swift in Sources */,
				B94B07F12401849B00B244E8 /* TestCachedURLResponse.swift in Sources */,
				B94B07F22401849B00B244E8 /* TestDecimal.swift in Sources */,
				B94B07F32401849B00B244E8 /* TestStream.swift in Sources */,
				B94B07F42401849B00B244E8 /* TestNSData.swift in Sources */,
				B94B07F52401849B00B244E8 /* TestNSRange.swift in Sources */,
				B94B07F62401849B00B244E8 /* TestObjCRuntime.swift in Sources */,
				B94B07F72401849B00B244E8 /* TestSocketPort.swift in Sources */,
				B94B07F82401849B00B244E8 /* TestHost.swift in Sources */,
				B94B07F92401849B00B244E8 /* TestNSSet.swift in Sources */,
				B94B07FA2401849B00B244E8 /* TestDimension.swift in Sources */,
				B94B07FB2401849B00B244E8 /* TestEnergyFormatter.swift in Sources */,
				B94B07FC2401849B00B244E8 /* TestTimeZone.swift in Sources */,
				B94B07FD2401849B00B244E8 /* TestNSPredicate.swift in Sources */,
				B94B07FE2401849B00B244E8 /* TestCharacterSet.swift in Sources */,
				B94B07FF2401849B00B244E8 /* TestNSCompoundPredicate.swift in Sources */,
				B94B08002401849B00B244E8 /* TestCalendar.swift in Sources */,
				B94B08012401849B00B244E8 /* TestURLSessionFTP.swift in Sources */,
				B94B08022401849B00B244E8 /* TestNumberFormatter.swift in Sources */,
				B94B08032401849B00B244E8 /* TestDateIntervalFormatter.swift in Sources */,
				B94B08042401849B00B244E8 /* TestNSArray.swift in Sources */,
				B94B08052401849B00B244E8 /* TestProgress.swift in Sources */,
				B94B08062401849B00B244E8 /* TestURLCredential.swift in Sources */,
				B94B08072401849B00B244E8 /* TestURLSession.swift in Sources */,
				B94B0837240185FF00B244E8 /* DarwinShims.swift in Sources */,
				B94B07402401847C00B244E8 /* FTPServer.swift in Sources */,
				B94B07412401847C00B244E8 /* HTTPServer.swift in Sources */,
				B94B07422401847C00B244E8 /* Imports.swift in Sources */,
				B94B07432401847C00B244E8 /* FixtureValues.swift in Sources */,
				B94B07C42401849A00B244E8 /* Utilities.swift in Sources */,
			);
			runOnlyForDeploymentPostprocessing = 0;
		};
/* End PBXSourcesBuildPhase section */

/* Begin PBXTargetDependency section */
		B9F1379F20B9984F000B7577 /* PBXTargetDependency */ = {
			isa = PBXTargetDependency;
			target = B917D31B20B0DB8B00728EE0 /* xdgTestHelper */;
			targetProxy = B9F1379E20B9984F000B7577 /* PBXContainerItemProxy */;
		};
/* End PBXTargetDependency section */

/* Begin XCBuildConfiguration section */
		B917D32020B0DB8B00728EE0 /* Debug */ = {
			isa = XCBuildConfiguration;
			buildSettings = {
				CLANG_ENABLE_OBJC_WEAK = YES;
				CLANG_WARN_DEPRECATED_OBJC_IMPLEMENTATIONS = YES;
				CLANG_WARN_OBJC_IMPLICIT_RETAIN_SELF = YES;
				CODE_SIGN_STYLE = Automatic;
				MACOSX_DEPLOYMENT_TARGET = 10.15;
				OTHER_SWIFT_FLAGS = "-DDEPLOYMENT_RUNTIME_OBJC -DDARWIN_COMPATIBILITY_TESTS";
				PRODUCT_NAME = "$(TARGET_NAME)";
				SWIFT_VERSION = 5.0;
			};
			name = Debug;
		};
		B917D32120B0DB8B00728EE0 /* Release */ = {
			isa = XCBuildConfiguration;
			buildSettings = {
				CLANG_ENABLE_OBJC_WEAK = YES;
				CLANG_WARN_DEPRECATED_OBJC_IMPLEMENTATIONS = YES;
				CLANG_WARN_OBJC_IMPLICIT_RETAIN_SELF = YES;
				CODE_SIGN_STYLE = Automatic;
				MACOSX_DEPLOYMENT_TARGET = 10.15;
				OTHER_SWIFT_FLAGS = "-DDEPLOYMENT_RUNTIME_OBJC -DDARWIN_COMPATIBILITY_TESTS";
				PRODUCT_NAME = "$(TARGET_NAME)";
				SWIFT_VERSION = 5.0;
			};
			name = Release;
		};
		B9C89EC61F6BF47D00087AF4 /* Debug */ = {
			isa = XCBuildConfiguration;
			buildSettings = {
				ALWAYS_SEARCH_USER_PATHS = NO;
				CLANG_ANALYZER_NONNULL = YES;
				CLANG_ANALYZER_NUMBER_OBJECT_CONVERSION = YES_AGGRESSIVE;
				CLANG_CXX_LANGUAGE_STANDARD = "gnu++14";
				CLANG_CXX_LIBRARY = "libc++";
				CLANG_ENABLE_MODULES = YES;
				CLANG_ENABLE_OBJC_ARC = YES;
				CLANG_WARN_BLOCK_CAPTURE_AUTORELEASING = YES;
				CLANG_WARN_BOOL_CONVERSION = YES;
				CLANG_WARN_COMMA = YES;
				CLANG_WARN_CONSTANT_CONVERSION = YES;
				CLANG_WARN_DIRECT_OBJC_ISA_USAGE = YES_ERROR;
				CLANG_WARN_DOCUMENTATION_COMMENTS = YES;
				CLANG_WARN_EMPTY_BODY = YES;
				CLANG_WARN_ENUM_CONVERSION = YES;
				CLANG_WARN_INFINITE_RECURSION = YES;
				CLANG_WARN_INT_CONVERSION = YES;
				CLANG_WARN_NON_LITERAL_NULL_CONVERSION = YES;
				CLANG_WARN_OBJC_LITERAL_CONVERSION = YES;
				CLANG_WARN_OBJC_ROOT_CLASS = YES_ERROR;
				CLANG_WARN_RANGE_LOOP_ANALYSIS = YES;
				CLANG_WARN_STRICT_PROTOTYPES = YES;
				CLANG_WARN_SUSPICIOUS_MOVE = YES;
				CLANG_WARN_UNGUARDED_AVAILABILITY = YES_AGGRESSIVE;
				CLANG_WARN_UNREACHABLE_CODE = YES;
				CLANG_WARN__DUPLICATE_METHOD_MATCH = YES;
				CODE_SIGN_IDENTITY = "-";
				COPY_PHASE_STRIP = NO;
				DEBUG_INFORMATION_FORMAT = dwarf;
				ENABLE_STRICT_OBJC_MSGSEND = YES;
				ENABLE_TESTABILITY = YES;
				GCC_C_LANGUAGE_STANDARD = gnu11;
				GCC_DYNAMIC_NO_PIC = NO;
				GCC_NO_COMMON_BLOCKS = YES;
				GCC_OPTIMIZATION_LEVEL = 0;
				GCC_PREPROCESSOR_DEFINITIONS = (
					"DEBUG=1",
					"$(inherited)",
				);
				GCC_WARN_64_TO_32_BIT_CONVERSION = YES;
				GCC_WARN_ABOUT_RETURN_TYPE = YES_ERROR;
				GCC_WARN_UNDECLARED_SELECTOR = YES;
				GCC_WARN_UNINITIALIZED_AUTOS = YES_AGGRESSIVE;
				GCC_WARN_UNUSED_FUNCTION = YES;
				GCC_WARN_UNUSED_VARIABLE = YES;
				MACOSX_DEPLOYMENT_TARGET = 10.15;
				MTL_ENABLE_DEBUG_INFO = YES;
				ONLY_ACTIVE_ARCH = YES;
				SDKROOT = macosx;
				SWIFT_ACTIVE_COMPILATION_CONDITIONS = DEBUG;
				SWIFT_OPTIMIZATION_LEVEL = "-Onone";
			};
			name = Debug;
		};
		B9C89EC71F6BF47D00087AF4 /* Release */ = {
			isa = XCBuildConfiguration;
			buildSettings = {
				ALWAYS_SEARCH_USER_PATHS = NO;
				CLANG_ANALYZER_NONNULL = YES;
				CLANG_ANALYZER_NUMBER_OBJECT_CONVERSION = YES_AGGRESSIVE;
				CLANG_CXX_LANGUAGE_STANDARD = "gnu++14";
				CLANG_CXX_LIBRARY = "libc++";
				CLANG_ENABLE_MODULES = YES;
				CLANG_ENABLE_OBJC_ARC = YES;
				CLANG_WARN_BLOCK_CAPTURE_AUTORELEASING = YES;
				CLANG_WARN_BOOL_CONVERSION = YES;
				CLANG_WARN_COMMA = YES;
				CLANG_WARN_CONSTANT_CONVERSION = YES;
				CLANG_WARN_DIRECT_OBJC_ISA_USAGE = YES_ERROR;
				CLANG_WARN_DOCUMENTATION_COMMENTS = YES;
				CLANG_WARN_EMPTY_BODY = YES;
				CLANG_WARN_ENUM_CONVERSION = YES;
				CLANG_WARN_INFINITE_RECURSION = YES;
				CLANG_WARN_INT_CONVERSION = YES;
				CLANG_WARN_NON_LITERAL_NULL_CONVERSION = YES;
				CLANG_WARN_OBJC_LITERAL_CONVERSION = YES;
				CLANG_WARN_OBJC_ROOT_CLASS = YES_ERROR;
				CLANG_WARN_RANGE_LOOP_ANALYSIS = YES;
				CLANG_WARN_STRICT_PROTOTYPES = YES;
				CLANG_WARN_SUSPICIOUS_MOVE = YES;
				CLANG_WARN_UNGUARDED_AVAILABILITY = YES_AGGRESSIVE;
				CLANG_WARN_UNREACHABLE_CODE = YES;
				CLANG_WARN__DUPLICATE_METHOD_MATCH = YES;
				CODE_SIGN_IDENTITY = "-";
				COPY_PHASE_STRIP = NO;
				DEBUG_INFORMATION_FORMAT = "dwarf-with-dsym";
				ENABLE_NS_ASSERTIONS = NO;
				ENABLE_STRICT_OBJC_MSGSEND = YES;
				GCC_C_LANGUAGE_STANDARD = gnu11;
				GCC_NO_COMMON_BLOCKS = YES;
				GCC_WARN_64_TO_32_BIT_CONVERSION = YES;
				GCC_WARN_ABOUT_RETURN_TYPE = YES_ERROR;
				GCC_WARN_UNDECLARED_SELECTOR = YES;
				GCC_WARN_UNINITIALIZED_AUTOS = YES_AGGRESSIVE;
				GCC_WARN_UNUSED_FUNCTION = YES;
				GCC_WARN_UNUSED_VARIABLE = YES;
				MACOSX_DEPLOYMENT_TARGET = 10.15;
				MTL_ENABLE_DEBUG_INFO = NO;
				SDKROOT = macosx;
				SWIFT_OPTIMIZATION_LEVEL = "-Owholemodule";
			};
			name = Release;
		};
		B9C89EDD1F6BF77E00087AF4 /* Debug */ = {
			isa = XCBuildConfiguration;
			buildSettings = {
				CODE_SIGN_STYLE = Automatic;
				COMBINE_HIDPI_IMAGES = YES;
				INFOPLIST_FILE = DarwinCompatibilityTests/Info.plist;
				LD_RUNPATH_SEARCH_PATHS = "$(inherited) @executable_path/../Frameworks @loader_path/../Frameworks";
				MACOSX_DEPLOYMENT_TARGET = 10.15;
				"OTHER_SWIFT_FLAGS[arch=*]" = "-DDEPLOYMENT_RUNTIME_OBJC -DDARWIN_COMPATIBILITY_TESTS";
				PRODUCT_BUNDLE_IDENTIFIER = org.swift.DarwinCompatibilityTests;
				PRODUCT_NAME = "$(TARGET_NAME)";
				SWIFT_VERSION = 5.0;
			};
			name = Debug;
		};
		B9C89EDE1F6BF77E00087AF4 /* Release */ = {
			isa = XCBuildConfiguration;
			buildSettings = {
				CODE_SIGN_STYLE = Automatic;
				COMBINE_HIDPI_IMAGES = YES;
				INFOPLIST_FILE = DarwinCompatibilityTests/Info.plist;
				LD_RUNPATH_SEARCH_PATHS = "$(inherited) @executable_path/../Frameworks @loader_path/../Frameworks";
				MACOSX_DEPLOYMENT_TARGET = 10.15;
				"OTHER_SWIFT_FLAGS[arch=*]" = "-DDEPLOYMENT_RUNTIME_OBJC -DDARWIN_COMPATIBILITY_TESTS";
				PRODUCT_BUNDLE_IDENTIFIER = org.swift.DarwinCompatibilityTests;
				PRODUCT_NAME = "$(TARGET_NAME)";
				SWIFT_VERSION = 5.0;
			};
			name = Release;
		};
/* End XCBuildConfiguration section */

/* Begin XCConfigurationList section */
		B917D32220B0DB8B00728EE0 /* Build configuration list for PBXNativeTarget "xdgTestHelper" */ = {
			isa = XCConfigurationList;
			buildConfigurations = (
				B917D32020B0DB8B00728EE0 /* Debug */,
				B917D32120B0DB8B00728EE0 /* Release */,
			);
			defaultConfigurationIsVisible = 0;
			defaultConfigurationName = Release;
		};
		B9C89EBC1F6BF47D00087AF4 /* Build configuration list for PBXProject "DarwinCompatibilityTests" */ = {
			isa = XCConfigurationList;
			buildConfigurations = (
				B9C89EC61F6BF47D00087AF4 /* Debug */,
				B9C89EC71F6BF47D00087AF4 /* Release */,
			);
			defaultConfigurationIsVisible = 0;
			defaultConfigurationName = Release;
		};
		B9C89EDC1F6BF77E00087AF4 /* Build configuration list for PBXNativeTarget "DarwinCompatibilityTests" */ = {
			isa = XCConfigurationList;
			buildConfigurations = (
				B9C89EDD1F6BF77E00087AF4 /* Debug */,
				B9C89EDE1F6BF77E00087AF4 /* Release */,
			);
			defaultConfigurationIsVisible = 0;
			defaultConfigurationName = Release;
		};
/* End XCConfigurationList section */
	};
	rootObject = B9C89EB91F6BF47D00087AF4 /* Project object */;
}
